PODS:
  - Kingfisher (5.13.1):
    - Kingfisher/Core (= 5.13.1)
  - Kingfisher/Core (5.13.1)
  - Nimble (8.0.5)
  - Quick (2.2.0)
  - Realm (4.3.2):
    - Realm/Headers (= 4.3.2)
  - Realm/Headers (4.3.2)
  - RealmSwift (4.3.2):
    - Realm (= 4.3.2)
  - SwiftLint (0.39.1)

DEPENDENCIES:
  - Kingfisher
  - Nimble
  - Quick
  - RealmSwift
  - SwiftLint

SPEC REPOS:
  trunk:
    - Kingfisher
    - Nimble
    - Quick
    - Realm
    - RealmSwift
    - SwiftLint

SPEC CHECKSUMS:
  Kingfisher: f33a848445e33c543620812158dc5d47f6bf90df
  Nimble: 4ab1aeb9b45553c75b9687196b0fa0713170a332
  Quick: 7fb19e13be07b5dfb3b90d4f9824c855a11af40e
  Realm: 5e92902e2875dff4bb0fd02f67bb737c3d5db2bc
  RealmSwift: 9a360fc7bae04fc2e308a34fbd899d5faa2d6b22
  SwiftLint: 55e96a4a4d537d4a3156859fc1c54bd24851a046

PODFILE CHECKSUM: 70f78af0b5c91cf9dfee1e9186bf2c997df1c21a

COCOAPODS: 1.8.4
