// !$*UTF8*$!
{
	archiveVersion = 1;
	classes = {
	};
	objectVersion = 51;
	objects = {

/* Begin PBXBuildFile section */
		04D12CE3BFCBCA7ED15B74E0 /* Pods_JMarvel.framework in Frameworks */ = {isa = PBXBuildFile; fileRef = E2583C54F7C9EE4B06C1B640 /* Pods_JMarvel.framework */; };
		0EDBD38D351AC76C3A17D230 /* Pods_JMarvelTests.framework in Frameworks */ = {isa = PBXBuildFile; fileRef = EAFEA5E57899121AF65B6B59 /* Pods_JMarvelTests.framework */; };
		178F3BFA23FE4F110074F4DE /* CharacterDetailsViewController.swift in Sources */ = {isa = PBXBuildFile; fileRef = 178F3BF923FE4F110074F4DE /* CharacterDetailsViewController.swift */; };
		178F3BFC23FE54360074F4DE /* ImageModel.swift in Sources */ = {isa = PBXBuildFile; fileRef = 178F3BFB23FE54360074F4DE /* ImageModel.swift */; };
		178F3BFE23FE58FD0074F4DE /* ListResources.swift in Sources */ = {isa = PBXBuildFile; fileRef = 178F3BFD23FE58FD0074F4DE /* ListResources.swift */; };
		178F3C0D23FF8E010074F4DE /* PosterCell.swift in Sources */ = {isa = PBXBuildFile; fileRef = 178F3C0B23FF8E010074F4DE /* PosterCell.swift */; };
		178F3C0E23FF8E010074F4DE /* PosterCell.xib in Resources */ = {isa = PBXBuildFile; fileRef = 178F3C0C23FF8E010074F4DE /* PosterCell.xib */; };
		178F3C1023FF8E510074F4DE /* PosterItem.swift in Sources */ = {isa = PBXBuildFile; fileRef = 178F3C0F23FF8E510074F4DE /* PosterItem.swift */; };
		178F3C1C23FF939B0074F4DE /* FavoritesListInteractor.swift in Sources */ = {isa = PBXBuildFile; fileRef = 178F3C1223FF939B0074F4DE /* FavoritesListInteractor.swift */; };
		178F3C1E23FF939B0074F4DE /* FavoritesListPresenter.swift in Sources */ = {isa = PBXBuildFile; fileRef = 178F3C1423FF939B0074F4DE /* FavoritesListPresenter.swift */; };
		178F3C1F23FF939B0074F4DE /* FavoritesListWireframe.swift in Sources */ = {isa = PBXBuildFile; fileRef = 178F3C1523FF939B0074F4DE /* FavoritesListWireframe.swift */; };
		178F3C2523FFA49B0074F4DE /* MainRouterWireframe.swift in Sources */ = {isa = PBXBuildFile; fileRef = 178F3C2423FFA49B0074F4DE /* MainRouterWireframe.swift */; };
		178F3C2823FFA6C10074F4DE /* FavoritesListView.swift in Sources */ = {isa = PBXBuildFile; fileRef = 178F3C2623FFA6C10074F4DE /* FavoritesListView.swift */; };
		17B373B623FCB97A009A1909 /* AppDelegate.swift in Sources */ = {isa = PBXBuildFile; fileRef = 17B373B523FCB97A009A1909 /* AppDelegate.swift */; };
		17B373B823FCB97A009A1909 /* SceneDelegate.swift in Sources */ = {isa = PBXBuildFile; fileRef = 17B373B723FCB97A009A1909 /* SceneDelegate.swift */; };
		17B373BD23FCB97A009A1909 /* Main.storyboard in Resources */ = {isa = PBXBuildFile; fileRef = 17B373BB23FCB97A009A1909 /* Main.storyboard */; };
		17B373C023FCB97A009A1909 /* JMarvel.xcdatamodeld in Sources */ = {isa = PBXBuildFile; fileRef = 17B373BE23FCB97A009A1909 /* JMarvel.xcdatamodeld */; };
		17B373C223FCB97F009A1909 /* Assets.xcassets in Resources */ = {isa = PBXBuildFile; fileRef = 17B373C123FCB97F009A1909 /* Assets.xcassets */; };
		17B373C523FCB97F009A1909 /* LaunchScreen.storyboard in Resources */ = {isa = PBXBuildFile; fileRef = 17B373C323FCB97F009A1909 /* LaunchScreen.storyboard */; };
		17B373DB23FCBA17009A1909 /* HTTPClient.swift in Sources */ = {isa = PBXBuildFile; fileRef = 17B373DA23FCBA17009A1909 /* HTTPClient.swift */; };
		17B373DE23FCBAF7009A1909 /* Request.swift in Sources */ = {isa = PBXBuildFile; fileRef = 17B373DD23FCBAF7009A1909 /* Request.swift */; };
		17B373E023FCBB49009A1909 /* Endpoint.swift in Sources */ = {isa = PBXBuildFile; fileRef = 17B373DF23FCBB49009A1909 /* Endpoint.swift */; };
		17B373E223FCBB8A009A1909 /* HTTPMethod.swift in Sources */ = {isa = PBXBuildFile; fileRef = 17B373E123FCBB8A009A1909 /* HTTPMethod.swift */; };
		17B373E423FCBC01009A1909 /* TypeAlias.swift in Sources */ = {isa = PBXBuildFile; fileRef = 17B373E323FCBC01009A1909 /* TypeAlias.swift */; };
		17B373E623FCBC5A009A1909 /* CharactersRequest.swift in Sources */ = {isa = PBXBuildFile; fileRef = 17B373E523FCBC5A009A1909 /* CharactersRequest.swift */; };
		17B373E823FCBF5F009A1909 /* Result.swift in Sources */ = {isa = PBXBuildFile; fileRef = 17B373E723FCBF5F009A1909 /* Result.swift */; };
		17B373EA23FCBF8F009A1909 /* GenericError.swift in Sources */ = {isa = PBXBuildFile; fileRef = 17B373E923FCBF8F009A1909 /* GenericError.swift */; };
		17F176A823FCD22000B92C90 /* Constants.swift in Sources */ = {isa = PBXBuildFile; fileRef = 17F176A723FCD22000B92C90 /* Constants.swift */; };
		17F176AA23FCE2A200B92C90 /* CryptoHelper.swift in Sources */ = {isa = PBXBuildFile; fileRef = 17F176A923FCE2A200B92C90 /* CryptoHelper.swift */; };
		17F176AD23FCE46300B92C90 /* Dictionary+Extensions.swift in Sources */ = {isa = PBXBuildFile; fileRef = 17F176AB23FCE3A500B92C90 /* Dictionary+Extensions.swift */; };
		17F176AF23FCE80F00B92C90 /* ResultModel.swift in Sources */ = {isa = PBXBuildFile; fileRef = 17F176AE23FCE80F00B92C90 /* ResultModel.swift */; };
		17F176B123FCE81F00B92C90 /* Page.swift in Sources */ = {isa = PBXBuildFile; fileRef = 17F176B023FCE81F00B92C90 /* Page.swift */; };
		17F176B523FCF2F200B92C90 /* CharacterListView.swift in Sources */ = {isa = PBXBuildFile; fileRef = 17F176B423FCF2F200B92C90 /* CharacterListView.swift */; };
		17F176B823FCF32600B92C90 /* CharacterCell.swift in Sources */ = {isa = PBXBuildFile; fileRef = 17F176B623FCF32600B92C90 /* CharacterCell.swift */; };
		17F176B923FCF32600B92C90 /* CharacterCell.xib in Resources */ = {isa = PBXBuildFile; fileRef = 17F176B723FCF32600B92C90 /* CharacterCell.xib */; };
		17F176BB23FCF47700B92C90 /* CharacterModel.swift in Sources */ = {isa = PBXBuildFile; fileRef = 17F176BA23FCF47700B92C90 /* CharacterModel.swift */; };
		17F176BF23FCF72000B92C90 /* ReusableView.swift in Sources */ = {isa = PBXBuildFile; fileRef = 17F176BE23FCF72000B92C90 /* ReusableView.swift */; };
		250DC8D823FDB8F0007A87BA /* CharacterListPresenter.swift in Sources */ = {isa = PBXBuildFile; fileRef = 250DC8D723FDB8F0007A87BA /* CharacterListPresenter.swift */; };
		250DC8DA23FDB8FD007A87BA /* CharacterListInteractor.swift in Sources */ = {isa = PBXBuildFile; fileRef = 250DC8D923FDB8FD007A87BA /* CharacterListInteractor.swift */; };
		250DC8DE23FDB92C007A87BA /* CharacterListWireframe.swift in Sources */ = {isa = PBXBuildFile; fileRef = 250DC8DD23FDB92C007A87BA /* CharacterListWireframe.swift */; };
		258589BE23FEE9EB004CE71B /* CharacterDetailsPresenter.swift in Sources */ = {isa = PBXBuildFile; fileRef = 258589BD23FEE9EB004CE71B /* CharacterDetailsPresenter.swift */; };
		258589C023FEE9F8004CE71B /* CharacterDetailsInteractor.swift in Sources */ = {isa = PBXBuildFile; fileRef = 258589BF23FEE9F8004CE71B /* CharacterDetailsInteractor.swift */; };
		258589C223FEEA0C004CE71B /* CharacterDetailsWireframe.swift in Sources */ = {isa = PBXBuildFile; fileRef = 258589C123FEEA0C004CE71B /* CharacterDetailsWireframe.swift */; };
		258589C823FEF16E004CE71B /* CharacterDetailsAPI.swift in Sources */ = {isa = PBXBuildFile; fileRef = 258589C723FEF16E004CE71B /* CharacterDetailsAPI.swift */; };
		258589CA23FEF8B2004CE71B /* CharacterDetailsRequest.swift in Sources */ = {isa = PBXBuildFile; fileRef = 258589C923FEF8B2004CE71B /* CharacterDetailsRequest.swift */; };
		25A5E59123FDD1610014ED66 /* CharacterAPI.swift in Sources */ = {isa = PBXBuildFile; fileRef = 17F176BC23FCF5DE00B92C90 /* CharacterAPI.swift */; };
		25B596F72400117100F6BB69 /* LocalDatabaseManager.swift in Sources */ = {isa = PBXBuildFile; fileRef = 25B596F62400117100F6BB69 /* LocalDatabaseManager.swift */; };
		25C61CE62406D1AD000C524D /* MainRouterWireframeSpec.swift in Sources */ = {isa = PBXBuildFile; fileRef = 25C61CE52406D1AD000C524D /* MainRouterWireframeSpec.swift */; };
		25D17C1D2406DE1600A90402 /* CharacterListWireframeSpec.swift in Sources */ = {isa = PBXBuildFile; fileRef = 25D17C192406DE1600A90402 /* CharacterListWireframeSpec.swift */; };
		25D17C1E2406DE1600A90402 /* CharacterListPresenterSpec.swift in Sources */ = {isa = PBXBuildFile; fileRef = 25D17C1A2406DE1600A90402 /* CharacterListPresenterSpec.swift */; };
		25D17C1F2406DE1600A90402 /* CharacterListInteractorSpec.swift in Sources */ = {isa = PBXBuildFile; fileRef = 25D17C1B2406DE1600A90402 /* CharacterListInteractorSpec.swift */; };
		25D17C202406DE1600A90402 /* CharacterListViewSpec.swift in Sources */ = {isa = PBXBuildFile; fileRef = 25D17C1C2406DE1600A90402 /* CharacterListViewSpec.swift */; };
		25D17C22240709D300A90402 /* CharacterModelMock.swift in Sources */ = {isa = PBXBuildFile; fileRef = 25D17C21240709D300A90402 /* CharacterModelMock.swift */; };
/* End PBXBuildFile section */

/* Begin PBXContainerItemProxy section */
		17B373CC23FCB97F009A1909 /* PBXContainerItemProxy */ = {
			isa = PBXContainerItemProxy;
			containerPortal = 17B373AA23FCB979009A1909 /* Project object */;
			proxyType = 1;
			remoteGlobalIDString = 17B373B123FCB97A009A1909;
			remoteInfo = JMarvel;
		};
/* End PBXContainerItemProxy section */

/* Begin PBXFileReference section */
		178F3BF923FE4F110074F4DE /* CharacterDetailsViewController.swift */ = {isa = PBXFileReference; lastKnownFileType = sourcecode.swift; path = CharacterDetailsViewController.swift; sourceTree = "<group>"; };
		178F3BFB23FE54360074F4DE /* ImageModel.swift */ = {isa = PBXFileReference; lastKnownFileType = sourcecode.swift; path = ImageModel.swift; sourceTree = "<group>"; };
		178F3BFD23FE58FD0074F4DE /* ListResources.swift */ = {isa = PBXFileReference; lastKnownFileType = sourcecode.swift; path = ListResources.swift; sourceTree = "<group>"; };
		178F3C0B23FF8E010074F4DE /* PosterCell.swift */ = {isa = PBXFileReference; lastKnownFileType = sourcecode.swift; path = PosterCell.swift; sourceTree = "<group>"; };
		178F3C0C23FF8E010074F4DE /* PosterCell.xib */ = {isa = PBXFileReference; lastKnownFileType = file.xib; path = PosterCell.xib; sourceTree = "<group>"; };
		178F3C0F23FF8E510074F4DE /* PosterItem.swift */ = {isa = PBXFileReference; lastKnownFileType = sourcecode.swift; path = PosterItem.swift; sourceTree = "<group>"; };
		178F3C1223FF939B0074F4DE /* FavoritesListInteractor.swift */ = {isa = PBXFileReference; fileEncoding = 4; lastKnownFileType = sourcecode.swift; path = FavoritesListInteractor.swift; sourceTree = "<group>"; };
		178F3C1423FF939B0074F4DE /* FavoritesListPresenter.swift */ = {isa = PBXFileReference; fileEncoding = 4; lastKnownFileType = sourcecode.swift; path = FavoritesListPresenter.swift; sourceTree = "<group>"; };
		178F3C1523FF939B0074F4DE /* FavoritesListWireframe.swift */ = {isa = PBXFileReference; fileEncoding = 4; lastKnownFileType = sourcecode.swift; path = FavoritesListWireframe.swift; sourceTree = "<group>"; };
		178F3C2423FFA49B0074F4DE /* MainRouterWireframe.swift */ = {isa = PBXFileReference; lastKnownFileType = sourcecode.swift; path = MainRouterWireframe.swift; sourceTree = "<group>"; };
		178F3C2623FFA6C10074F4DE /* FavoritesListView.swift */ = {isa = PBXFileReference; lastKnownFileType = sourcecode.swift; path = FavoritesListView.swift; sourceTree = "<group>"; };
		17B373B223FCB97A009A1909 /* JMarvel.app */ = {isa = PBXFileReference; explicitFileType = wrapper.application; includeInIndex = 0; path = JMarvel.app; sourceTree = BUILT_PRODUCTS_DIR; };
		17B373B523FCB97A009A1909 /* AppDelegate.swift */ = {isa = PBXFileReference; lastKnownFileType = sourcecode.swift; path = AppDelegate.swift; sourceTree = "<group>"; };
		17B373B723FCB97A009A1909 /* SceneDelegate.swift */ = {isa = PBXFileReference; lastKnownFileType = sourcecode.swift; path = SceneDelegate.swift; sourceTree = "<group>"; };
		17B373BC23FCB97A009A1909 /* Base */ = {isa = PBXFileReference; lastKnownFileType = file.storyboard; name = Base; path = Base.lproj/Main.storyboard; sourceTree = "<group>"; };
		17B373BF23FCB97A009A1909 /* JMarvel.xcdatamodel */ = {isa = PBXFileReference; lastKnownFileType = wrapper.xcdatamodel; path = JMarvel.xcdatamodel; sourceTree = "<group>"; };
		17B373C123FCB97F009A1909 /* Assets.xcassets */ = {isa = PBXFileReference; lastKnownFileType = folder.assetcatalog; path = Assets.xcassets; sourceTree = "<group>"; };
		17B373C423FCB97F009A1909 /* Base */ = {isa = PBXFileReference; lastKnownFileType = file.storyboard; name = Base; path = Base.lproj/LaunchScreen.storyboard; sourceTree = "<group>"; };
		17B373C623FCB97F009A1909 /* Info.plist */ = {isa = PBXFileReference; lastKnownFileType = text.plist.xml; path = Info.plist; sourceTree = "<group>"; };
		17B373CB23FCB97F009A1909 /* JMarvelTests.xctest */ = {isa = PBXFileReference; explicitFileType = wrapper.cfbundle; includeInIndex = 0; path = JMarvelTests.xctest; sourceTree = BUILT_PRODUCTS_DIR; };
		17B373D123FCB97F009A1909 /* Info.plist */ = {isa = PBXFileReference; lastKnownFileType = text.plist.xml; path = Info.plist; sourceTree = "<group>"; };
		17B373DA23FCBA17009A1909 /* HTTPClient.swift */ = {isa = PBXFileReference; lastKnownFileType = sourcecode.swift; path = HTTPClient.swift; sourceTree = "<group>"; };
		17B373DD23FCBAF7009A1909 /* Request.swift */ = {isa = PBXFileReference; lastKnownFileType = sourcecode.swift; path = Request.swift; sourceTree = "<group>"; };
		17B373DF23FCBB49009A1909 /* Endpoint.swift */ = {isa = PBXFileReference; lastKnownFileType = sourcecode.swift; path = Endpoint.swift; sourceTree = "<group>"; };
		17B373E123FCBB8A009A1909 /* HTTPMethod.swift */ = {isa = PBXFileReference; lastKnownFileType = sourcecode.swift; path = HTTPMethod.swift; sourceTree = "<group>"; };
		17B373E323FCBC01009A1909 /* TypeAlias.swift */ = {isa = PBXFileReference; lastKnownFileType = sourcecode.swift; path = TypeAlias.swift; sourceTree = "<group>"; };
		17B373E523FCBC5A009A1909 /* CharactersRequest.swift */ = {isa = PBXFileReference; lastKnownFileType = sourcecode.swift; path = CharactersRequest.swift; sourceTree = "<group>"; };
		17B373E723FCBF5F009A1909 /* Result.swift */ = {isa = PBXFileReference; lastKnownFileType = sourcecode.swift; path = Result.swift; sourceTree = "<group>"; };
		17B373E923FCBF8F009A1909 /* GenericError.swift */ = {isa = PBXFileReference; lastKnownFileType = sourcecode.swift; path = GenericError.swift; sourceTree = "<group>"; };
		17F176A723FCD22000B92C90 /* Constants.swift */ = {isa = PBXFileReference; lastKnownFileType = sourcecode.swift; path = Constants.swift; sourceTree = "<group>"; };
		17F176A923FCE2A200B92C90 /* CryptoHelper.swift */ = {isa = PBXFileReference; lastKnownFileType = sourcecode.swift; path = CryptoHelper.swift; sourceTree = "<group>"; };
		17F176AB23FCE3A500B92C90 /* Dictionary+Extensions.swift */ = {isa = PBXFileReference; lastKnownFileType = sourcecode.swift; path = "Dictionary+Extensions.swift"; sourceTree = "<group>"; };
		17F176AE23FCE80F00B92C90 /* ResultModel.swift */ = {isa = PBXFileReference; lastKnownFileType = sourcecode.swift; path = ResultModel.swift; sourceTree = "<group>"; };
		17F176B023FCE81F00B92C90 /* Page.swift */ = {isa = PBXFileReference; lastKnownFileType = sourcecode.swift; path = Page.swift; sourceTree = "<group>"; };
		17F176B423FCF2F200B92C90 /* CharacterListView.swift */ = {isa = PBXFileReference; lastKnownFileType = sourcecode.swift; path = CharacterListView.swift; sourceTree = "<group>"; };
		17F176B623FCF32600B92C90 /* CharacterCell.swift */ = {isa = PBXFileReference; lastKnownFileType = sourcecode.swift; path = CharacterCell.swift; sourceTree = "<group>"; };
		17F176B723FCF32600B92C90 /* CharacterCell.xib */ = {isa = PBXFileReference; lastKnownFileType = file.xib; path = CharacterCell.xib; sourceTree = "<group>"; };
		17F176BA23FCF47700B92C90 /* CharacterModel.swift */ = {isa = PBXFileReference; lastKnownFileType = sourcecode.swift; path = CharacterModel.swift; sourceTree = "<group>"; };
		17F176BC23FCF5DE00B92C90 /* CharacterAPI.swift */ = {isa = PBXFileReference; lastKnownFileType = sourcecode.swift; path = CharacterAPI.swift; sourceTree = "<group>"; };
		17F176BE23FCF72000B92C90 /* ReusableView.swift */ = {isa = PBXFileReference; lastKnownFileType = sourcecode.swift; path = ReusableView.swift; sourceTree = "<group>"; };
		250DC8D723FDB8F0007A87BA /* CharacterListPresenter.swift */ = {isa = PBXFileReference; lastKnownFileType = sourcecode.swift; path = CharacterListPresenter.swift; sourceTree = "<group>"; };
		250DC8D923FDB8FD007A87BA /* CharacterListInteractor.swift */ = {isa = PBXFileReference; lastKnownFileType = sourcecode.swift; path = CharacterListInteractor.swift; sourceTree = "<group>"; };
		250DC8DD23FDB92C007A87BA /* CharacterListWireframe.swift */ = {isa = PBXFileReference; lastKnownFileType = sourcecode.swift; path = CharacterListWireframe.swift; sourceTree = "<group>"; };
		258589BD23FEE9EB004CE71B /* CharacterDetailsPresenter.swift */ = {isa = PBXFileReference; lastKnownFileType = sourcecode.swift; path = CharacterDetailsPresenter.swift; sourceTree = "<group>"; };
		258589BF23FEE9F8004CE71B /* CharacterDetailsInteractor.swift */ = {isa = PBXFileReference; lastKnownFileType = sourcecode.swift; path = CharacterDetailsInteractor.swift; sourceTree = "<group>"; };
		258589C123FEEA0C004CE71B /* CharacterDetailsWireframe.swift */ = {isa = PBXFileReference; lastKnownFileType = sourcecode.swift; path = CharacterDetailsWireframe.swift; sourceTree = "<group>"; };
		258589C723FEF16E004CE71B /* CharacterDetailsAPI.swift */ = {isa = PBXFileReference; lastKnownFileType = sourcecode.swift; path = CharacterDetailsAPI.swift; sourceTree = "<group>"; };
		258589C923FEF8B2004CE71B /* CharacterDetailsRequest.swift */ = {isa = PBXFileReference; lastKnownFileType = sourcecode.swift; path = CharacterDetailsRequest.swift; sourceTree = "<group>"; };
		25B596F62400117100F6BB69 /* LocalDatabaseManager.swift */ = {isa = PBXFileReference; lastKnownFileType = sourcecode.swift; path = LocalDatabaseManager.swift; sourceTree = "<group>"; };
		25C61CE52406D1AD000C524D /* MainRouterWireframeSpec.swift */ = {isa = PBXFileReference; lastKnownFileType = sourcecode.swift; path = MainRouterWireframeSpec.swift; sourceTree = "<group>"; };
		25D17C192406DE1600A90402 /* CharacterListWireframeSpec.swift */ = {isa = PBXFileReference; fileEncoding = 4; lastKnownFileType = sourcecode.swift; path = CharacterListWireframeSpec.swift; sourceTree = "<group>"; };
		25D17C1A2406DE1600A90402 /* CharacterListPresenterSpec.swift */ = {isa = PBXFileReference; fileEncoding = 4; lastKnownFileType = sourcecode.swift; path = CharacterListPresenterSpec.swift; sourceTree = "<group>"; };
		25D17C1B2406DE1600A90402 /* CharacterListInteractorSpec.swift */ = {isa = PBXFileReference; fileEncoding = 4; lastKnownFileType = sourcecode.swift; path = CharacterListInteractorSpec.swift; sourceTree = "<group>"; };
		25D17C1C2406DE1600A90402 /* CharacterListViewSpec.swift */ = {isa = PBXFileReference; fileEncoding = 4; lastKnownFileType = sourcecode.swift; path = CharacterListViewSpec.swift; sourceTree = "<group>"; };
		25D17C21240709D300A90402 /* CharacterModelMock.swift */ = {isa = PBXFileReference; lastKnownFileType = sourcecode.swift; path = CharacterModelMock.swift; sourceTree = "<group>"; };
		498D1BF6FBC6FA2889ECFAAA /* Pods-JMarvel.release.xcconfig */ = {isa = PBXFileReference; includeInIndex = 1; lastKnownFileType = text.xcconfig; name = "Pods-JMarvel.release.xcconfig"; path = "Target Support Files/Pods-JMarvel/Pods-JMarvel.release.xcconfig"; sourceTree = "<group>"; };
		542EEC07FBC8165ED8CE02B1 /* Pods-JMarvelTests.debug.xcconfig */ = {isa = PBXFileReference; includeInIndex = 1; lastKnownFileType = text.xcconfig; name = "Pods-JMarvelTests.debug.xcconfig"; path = "Target Support Files/Pods-JMarvelTests/Pods-JMarvelTests.debug.xcconfig"; sourceTree = "<group>"; };
		58E6F531F9A601FFCBECDDDB /* Pods-JMarvelTests.release.xcconfig */ = {isa = PBXFileReference; includeInIndex = 1; lastKnownFileType = text.xcconfig; name = "Pods-JMarvelTests.release.xcconfig"; path = "Target Support Files/Pods-JMarvelTests/Pods-JMarvelTests.release.xcconfig"; sourceTree = "<group>"; };
		AE60A0F7AD025D8D646433C6 /* Pods-JMarvel.debug.xcconfig */ = {isa = PBXFileReference; includeInIndex = 1; lastKnownFileType = text.xcconfig; name = "Pods-JMarvel.debug.xcconfig"; path = "Target Support Files/Pods-JMarvel/Pods-JMarvel.debug.xcconfig"; sourceTree = "<group>"; };
		E2583C54F7C9EE4B06C1B640 /* Pods_JMarvel.framework */ = {isa = PBXFileReference; explicitFileType = wrapper.framework; includeInIndex = 0; path = Pods_JMarvel.framework; sourceTree = BUILT_PRODUCTS_DIR; };
		EAFEA5E57899121AF65B6B59 /* Pods_JMarvelTests.framework */ = {isa = PBXFileReference; explicitFileType = wrapper.framework; includeInIndex = 0; path = Pods_JMarvelTests.framework; sourceTree = BUILT_PRODUCTS_DIR; };
/* End PBXFileReference section */

/* Begin PBXFrameworksBuildPhase section */
		17B373AF23FCB97A009A1909 /* Frameworks */ = {
			isa = PBXFrameworksBuildPhase;
			buildActionMask = 2147483647;
			files = (
				04D12CE3BFCBCA7ED15B74E0 /* Pods_JMarvel.framework in Frameworks */,
			);
			runOnlyForDeploymentPostprocessing = 0;
		};
		17B373C823FCB97F009A1909 /* Frameworks */ = {
			isa = PBXFrameworksBuildPhase;
			buildActionMask = 2147483647;
			files = (
				0EDBD38D351AC76C3A17D230 /* Pods_JMarvelTests.framework in Frameworks */,
			);
			runOnlyForDeploymentPostprocessing = 0;
		};
/* End PBXFrameworksBuildPhase section */

/* Begin PBXGroup section */
		178F3BF823FE42880074F4DE /* Detail */ = {
			isa = PBXGroup;
			children = (
				178F3BF923FE4F110074F4DE /* CharacterDetailsViewController.swift */,
				258589BD23FEE9EB004CE71B /* CharacterDetailsPresenter.swift */,
				258589BF23FEE9F8004CE71B /* CharacterDetailsInteractor.swift */,
				258589C123FEEA0C004CE71B /* CharacterDetailsWireframe.swift */,
				258589C723FEF16E004CE71B /* CharacterDetailsAPI.swift */,
				258589C923FEF8B2004CE71B /* CharacterDetailsRequest.swift */,
			);
			path = Detail;
			sourceTree = "<group>";
		};
		178F3BFF23FE59220074F4DE /* Components */ = {
			isa = PBXGroup;
			children = (
				17F176A923FCE2A200B92C90 /* CryptoHelper.swift */,
				17F176BE23FCF72000B92C90 /* ReusableView.swift */,
				25B596F62400117100F6BB69 /* LocalDatabaseManager.swift */,
			);
			path = Components;
			sourceTree = "<group>";
		};
		178F3C0023FE59300074F4DE /* AppDelegate */ = {
			isa = PBXGroup;
			children = (
				17B373B523FCB97A009A1909 /* AppDelegate.swift */,
				17B373B723FCB97A009A1909 /* SceneDelegate.swift */,
				178F3C2423FFA49B0074F4DE /* MainRouterWireframe.swift */,
			);
			path = AppDelegate;
			sourceTree = "<group>";
		};
		178F3C0123FE59400074F4DE /* Models */ = {
			isa = PBXGroup;
			children = (
				17B373DF23FCBB49009A1909 /* Endpoint.swift */,
				17B373DD23FCBAF7009A1909 /* Request.swift */,
				17F176B023FCE81F00B92C90 /* Page.swift */,
				17F176AE23FCE80F00B92C90 /* ResultModel.swift */,
				17B373E923FCBF8F009A1909 /* GenericError.swift */,
			);
			path = Models;
			sourceTree = "<group>";
		};
		178F3C0223FE59610074F4DE /* Resources */ = {
			isa = PBXGroup;
			children = (
				17F176A723FCD22000B92C90 /* Constants.swift */,
				17B373C123FCB97F009A1909 /* Assets.xcassets */,
			);
			path = Resources;
			sourceTree = "<group>";
		};
		178F3C0323FE59800074F4DE /* Client */ = {
			isa = PBXGroup;
			children = (
				17B373DA23FCBA17009A1909 /* HTTPClient.swift */,
			);
			path = Client;
			sourceTree = "<group>";
		};
		178F3C0423FE59950074F4DE /* Extensions */ = {
			isa = PBXGroup;
			children = (
				17F176AB23FCE3A500B92C90 /* Dictionary+Extensions.swift */,
			);
			path = Extensions;
			sourceTree = "<group>";
		};
		178F3C0523FE59BC0074F4DE /* Tools */ = {
			isa = PBXGroup;
			children = (
				17B373E323FCBC01009A1909 /* TypeAlias.swift */,
				17B373E123FCBB8A009A1909 /* HTTPMethod.swift */,
				17B373E723FCBF5F009A1909 /* Result.swift */,
			);
			path = Tools;
			sourceTree = "<group>";
		};
		178F3C0623FE59DB0074F4DE /* Storyboard */ = {
			isa = PBXGroup;
			children = (
				17B373BB23FCB97A009A1909 /* Main.storyboard */,
			);
			path = Storyboard;
			sourceTree = "<group>";
		};
		178F3C0723FE59F80074F4DE /* CharacterListCell */ = {
			isa = PBXGroup;
			children = (
				17F176B623FCF32600B92C90 /* CharacterCell.swift */,
				17F176B723FCF32600B92C90 /* CharacterCell.xib */,
			);
			path = CharacterListCell;
			sourceTree = "<group>";
		};
		178F3C0823FE5A0D0074F4DE /* Characters */ = {
			isa = PBXGroup;
			children = (
				17F176BA23FCF47700B92C90 /* CharacterModel.swift */,
				178F3BFD23FE58FD0074F4DE /* ListResources.swift */,
				17F176BC23FCF5DE00B92C90 /* CharacterAPI.swift */,
				17B373E523FCBC5A009A1909 /* CharactersRequest.swift */,
			);
			path = Characters;
			sourceTree = "<group>";
		};
		178F3C0923FE5A290074F4DE /* ImageModel */ = {
			isa = PBXGroup;
			children = (
				178F3BFB23FE54360074F4DE /* ImageModel.swift */,
			);
			path = ImageModel;
			sourceTree = "<group>";
		};
		178F3C0A23FF8DD90074F4DE /* PosterCell */ = {
			isa = PBXGroup;
			children = (
				178F3C0B23FF8E010074F4DE /* PosterCell.swift */,
				178F3C0C23FF8E010074F4DE /* PosterCell.xib */,
				178F3C0F23FF8E510074F4DE /* PosterItem.swift */,
			);
			path = PosterCell;
			sourceTree = "<group>";
		};
		178F3C1123FF939B0074F4DE /* FavoritesList */ = {
			isa = PBXGroup;
			children = (
				178F3C1223FF939B0074F4DE /* FavoritesListInteractor.swift */,
				178F3C1423FF939B0074F4DE /* FavoritesListPresenter.swift */,
				178F3C1523FF939B0074F4DE /* FavoritesListWireframe.swift */,
				178F3C2623FFA6C10074F4DE /* FavoritesListView.swift */,
			);
			path = FavoritesList;
			sourceTree = "<group>";
		};
		17B373A923FCB979009A1909 = {
			isa = PBXGroup;
			children = (
				17B373B423FCB97A009A1909 /* JMarvel */,
				17B373CE23FCB97F009A1909 /* JMarvelTests */,
				17B373B323FCB97A009A1909 /* Products */,
				D4116E020711DCF087A75065 /* Pods */,
				84CCA1679DC095869C5DFC7E /* Frameworks */,
			);
			sourceTree = "<group>";
		};
		17B373B323FCB97A009A1909 /* Products */ = {
			isa = PBXGroup;
			children = (
				17B373B223FCB97A009A1909 /* JMarvel.app */,
				17B373CB23FCB97F009A1909 /* JMarvelTests.xctest */,
			);
			name = Products;
			sourceTree = "<group>";
		};
		17B373B423FCB97A009A1909 /* JMarvel */ = {
			isa = PBXGroup;
			children = (
				178F3C0023FE59300074F4DE /* AppDelegate */,
				17F176B323FCF1F300B92C90 /* Modules */,
				17B373DC23FCBAEB009A1909 /* API */,
				178F3C0223FE59610074F4DE /* Resources */,
				178F3BFF23FE59220074F4DE /* Components */,
				178F3C0423FE59950074F4DE /* Extensions */,
				17B373C323FCB97F009A1909 /* LaunchScreen.storyboard */,
				17B373C623FCB97F009A1909 /* Info.plist */,
				17B373BE23FCB97A009A1909 /* JMarvel.xcdatamodeld */,
			);
			path = JMarvel;
			sourceTree = "<group>";
		};
		17B373CE23FCB97F009A1909 /* JMarvelTests */ = {
			isa = PBXGroup;
			children = (
				25D17C21240709D300A90402 /* CharacterModelMock.swift */,
				25D17C182406DE1600A90402 /* CharactersList */,
				25C61CE72406D8DD000C524D /* MainRouter */,
				17B373D123FCB97F009A1909 /* Info.plist */,
			);
			path = JMarvelTests;
			sourceTree = "<group>";
		};
		17B373DC23FCBAEB009A1909 /* API */ = {
			isa = PBXGroup;
			children = (
				178F3C0123FE59400074F4DE /* Models */,
				178F3C0323FE59800074F4DE /* Client */,
				178F3C0523FE59BC0074F4DE /* Tools */,
			);
			path = API;
			sourceTree = "<group>";
		};
		17F176B323FCF1F300B92C90 /* Modules */ = {
			isa = PBXGroup;
			children = (
				178F3C0623FE59DB0074F4DE /* Storyboard */,
				178F3C1123FF939B0074F4DE /* FavoritesList */,
				178F3C0A23FF8DD90074F4DE /* PosterCell */,
				178F3C0823FE5A0D0074F4DE /* Characters */,
				178F3C0923FE5A290074F4DE /* ImageModel */,
				250DC8D623FDB855007A87BA /* CharactersList */,
				178F3C0723FE59F80074F4DE /* CharacterListCell */,
				178F3BF823FE42880074F4DE /* Detail */,
			);
			path = Modules;
			sourceTree = "<group>";
		};
		250DC8D623FDB855007A87BA /* CharactersList */ = {
			isa = PBXGroup;
			children = (
				17F176B423FCF2F200B92C90 /* CharacterListView.swift */,
				250DC8D723FDB8F0007A87BA /* CharacterListPresenter.swift */,
				250DC8D923FDB8FD007A87BA /* CharacterListInteractor.swift */,
				250DC8DD23FDB92C007A87BA /* CharacterListWireframe.swift */,
			);
			path = CharactersList;
			sourceTree = "<group>";
		};
		25C61CE72406D8DD000C524D /* MainRouter */ = {
			isa = PBXGroup;
			children = (
				25C61CE52406D1AD000C524D /* MainRouterWireframeSpec.swift */,
			);
			path = MainRouter;
			sourceTree = "<group>";
		};
		25D17C182406DE1600A90402 /* CharactersList */ = {
			isa = PBXGroup;
			children = (
				25D17C192406DE1600A90402 /* CharacterListWireframeSpec.swift */,
				25D17C1A2406DE1600A90402 /* CharacterListPresenterSpec.swift */,
				25D17C1B2406DE1600A90402 /* CharacterListInteractorSpec.swift */,
				25D17C1C2406DE1600A90402 /* CharacterListViewSpec.swift */,
			);
			path = CharactersList;
			sourceTree = "<group>";
		};
		84CCA1679DC095869C5DFC7E /* Frameworks */ = {
			isa = PBXGroup;
			children = (
				E2583C54F7C9EE4B06C1B640 /* Pods_JMarvel.framework */,
				EAFEA5E57899121AF65B6B59 /* Pods_JMarvelTests.framework */,
			);
			name = Frameworks;
			sourceTree = "<group>";
		};
		D4116E020711DCF087A75065 /* Pods */ = {
			isa = PBXGroup;
			children = (
				AE60A0F7AD025D8D646433C6 /* Pods-JMarvel.debug.xcconfig */,
				498D1BF6FBC6FA2889ECFAAA /* Pods-JMarvel.release.xcconfig */,
				542EEC07FBC8165ED8CE02B1 /* Pods-JMarvelTests.debug.xcconfig */,
				58E6F531F9A601FFCBECDDDB /* Pods-JMarvelTests.release.xcconfig */,
			);
			path = Pods;
			sourceTree = "<group>";
		};
/* End PBXGroup section */

/* Begin PBXNativeTarget section */
		17B373B123FCB97A009A1909 /* JMarvel */ = {
			isa = PBXNativeTarget;
			buildConfigurationList = 17B373D423FCB97F009A1909 /* Build configuration list for PBXNativeTarget "JMarvel" */;
			buildPhases = (
				3F8E79EB54109BE467667E45 /* [CP] Check Pods Manifest.lock */,
				17F176B223FCEC5F00B92C90 /* SwiftLint */,
				17B373AE23FCB97A009A1909 /* Sources */,
				17B373AF23FCB97A009A1909 /* Frameworks */,
				17B373B023FCB97A009A1909 /* Resources */,
				FCB336F40E9D122E4D09DDE8 /* [CP] Embed Pods Frameworks */,
			);
			buildRules = (
			);
			dependencies = (
			);
			name = JMarvel;
			productName = JMarvel;
			productReference = 17B373B223FCB97A009A1909 /* JMarvel.app */;
			productType = "com.apple.product-type.application";
		};
		17B373CA23FCB97F009A1909 /* JMarvelTests */ = {
			isa = PBXNativeTarget;
			buildConfigurationList = 17B373D723FCB97F009A1909 /* Build configuration list for PBXNativeTarget "JMarvelTests" */;
			buildPhases = (
				BACABC50D142F4A313630110 /* [CP] Check Pods Manifest.lock */,
				17B373C723FCB97F009A1909 /* Sources */,
				17B373C823FCB97F009A1909 /* Frameworks */,
				17B373C923FCB97F009A1909 /* Resources */,
				648F3E6441D4A34D85BE2113 /* [CP] Embed Pods Frameworks */,
			);
			buildRules = (
			);
			dependencies = (
				17B373CD23FCB97F009A1909 /* PBXTargetDependency */,
			);
			name = JMarvelTests;
			productName = JMarvelTests;
			productReference = 17B373CB23FCB97F009A1909 /* JMarvelTests.xctest */;
			productType = "com.apple.product-type.bundle.unit-test";
		};
/* End PBXNativeTarget section */

/* Begin PBXProject section */
		17B373AA23FCB979009A1909 /* Project object */ = {
			isa = PBXProject;
			attributes = {
				LastSwiftUpdateCheck = 1110;
				LastUpgradeCheck = 1110;
				ORGANIZATIONNAME = JoaoMarcos;
				TargetAttributes = {
					17B373B123FCB97A009A1909 = {
						CreatedOnToolsVersion = 11.1;
					};
					17B373CA23FCB97F009A1909 = {
						CreatedOnToolsVersion = 11.1;
						TestTargetID = 17B373B123FCB97A009A1909;
					};
				};
			};
			buildConfigurationList = 17B373AD23FCB979009A1909 /* Build configuration list for PBXProject "JMarvel" */;
			compatibilityVersion = "Xcode 9.3";
			developmentRegion = en;
			hasScannedForEncodings = 0;
			knownRegions = (
				en,
				Base,
			);
			mainGroup = 17B373A923FCB979009A1909;
			productRefGroup = 17B373B323FCB97A009A1909 /* Products */;
			projectDirPath = "";
			projectRoot = "";
			targets = (
				17B373B123FCB97A009A1909 /* JMarvel */,
				17B373CA23FCB97F009A1909 /* JMarvelTests */,
			);
		};
/* End PBXProject section */

/* Begin PBXResourcesBuildPhase section */
		17B373B023FCB97A009A1909 /* Resources */ = {
			isa = PBXResourcesBuildPhase;
			buildActionMask = 2147483647;
			files = (
				17B373C523FCB97F009A1909 /* LaunchScreen.storyboard in Resources */,
				17B373C223FCB97F009A1909 /* Assets.xcassets in Resources */,
				17B373BD23FCB97A009A1909 /* Main.storyboard in Resources */,
				178F3C0E23FF8E010074F4DE /* PosterCell.xib in Resources */,
				17F176B923FCF32600B92C90 /* CharacterCell.xib in Resources */,
			);
			runOnlyForDeploymentPostprocessing = 0;
		};
		17B373C923FCB97F009A1909 /* Resources */ = {
			isa = PBXResourcesBuildPhase;
			buildActionMask = 2147483647;
			files = (
			);
			runOnlyForDeploymentPostprocessing = 0;
		};
/* End PBXResourcesBuildPhase section */

/* Begin PBXShellScriptBuildPhase section */
		17F176B223FCEC5F00B92C90 /* SwiftLint */ = {
			isa = PBXShellScriptBuildPhase;
			buildActionMask = 2147483647;
			files = (
			);
			inputFileListPaths = (
			);
			inputPaths = (
			);
			name = SwiftLint;
			outputFileListPaths = (
			);
			outputPaths = (
			);
			runOnlyForDeploymentPostprocessing = 0;
			shellPath = /bin/sh;
			shellScript = "\"${PODS_ROOT}/SwiftLint/swiftlint\"\n";
		};
		3F8E79EB54109BE467667E45 /* [CP] Check Pods Manifest.lock */ = {
			isa = PBXShellScriptBuildPhase;
			buildActionMask = 2147483647;
			files = (
			);
			inputFileListPaths = (
			);
			inputPaths = (
				"${PODS_PODFILE_DIR_PATH}/Podfile.lock",
				"${PODS_ROOT}/Manifest.lock",
			);
			name = "[CP] Check Pods Manifest.lock";
			outputFileListPaths = (
			);
			outputPaths = (
				"$(DERIVED_FILE_DIR)/Pods-JMarvel-checkManifestLockResult.txt",
			);
			runOnlyForDeploymentPostprocessing = 0;
			shellPath = /bin/sh;
			shellScript = "diff \"${PODS_PODFILE_DIR_PATH}/Podfile.lock\" \"${PODS_ROOT}/Manifest.lock\" > /dev/null\nif [ $? != 0 ] ; then\n    # print error to STDERR\n    echo \"error: The sandbox is not in sync with the Podfile.lock. Run 'pod install' or update your CocoaPods installation.\" >&2\n    exit 1\nfi\n# This output is used by Xcode 'outputs' to avoid re-running this script phase.\necho \"SUCCESS\" > \"${SCRIPT_OUTPUT_FILE_0}\"\n";
			showEnvVarsInLog = 0;
		};
		648F3E6441D4A34D85BE2113 /* [CP] Embed Pods Frameworks */ = {
			isa = PBXShellScriptBuildPhase;
			buildActionMask = 2147483647;
			files = (
			);
			inputFileListPaths = (
				"${PODS_ROOT}/Target Support Files/Pods-JMarvelTests/Pods-JMarvelTests-frameworks-${CONFIGURATION}-input-files.xcfilelist",
			);
			name = "[CP] Embed Pods Frameworks";
			outputFileListPaths = (
				"${PODS_ROOT}/Target Support Files/Pods-JMarvelTests/Pods-JMarvelTests-frameworks-${CONFIGURATION}-output-files.xcfilelist",
			);
			runOnlyForDeploymentPostprocessing = 0;
			shellPath = /bin/sh;
			shellScript = "\"${PODS_ROOT}/Target Support Files/Pods-JMarvelTests/Pods-JMarvelTests-frameworks.sh\"\n";
			showEnvVarsInLog = 0;
		};
		BACABC50D142F4A313630110 /* [CP] Check Pods Manifest.lock */ = {
			isa = PBXShellScriptBuildPhase;
			buildActionMask = 2147483647;
			files = (
			);
			inputFileListPaths = (
			);
			inputPaths = (
				"${PODS_PODFILE_DIR_PATH}/Podfile.lock",
				"${PODS_ROOT}/Manifest.lock",
			);
			name = "[CP] Check Pods Manifest.lock";
			outputFileListPaths = (
			);
			outputPaths = (
				"$(DERIVED_FILE_DIR)/Pods-JMarvelTests-checkManifestLockResult.txt",
			);
			runOnlyForDeploymentPostprocessing = 0;
			shellPath = /bin/sh;
			shellScript = "diff \"${PODS_PODFILE_DIR_PATH}/Podfile.lock\" \"${PODS_ROOT}/Manifest.lock\" > /dev/null\nif [ $? != 0 ] ; then\n    # print error to STDERR\n    echo \"error: The sandbox is not in sync with the Podfile.lock. Run 'pod install' or update your CocoaPods installation.\" >&2\n    exit 1\nfi\n# This output is used by Xcode 'outputs' to avoid re-running this script phase.\necho \"SUCCESS\" > \"${SCRIPT_OUTPUT_FILE_0}\"\n";
			showEnvVarsInLog = 0;
		};
		FCB336F40E9D122E4D09DDE8 /* [CP] Embed Pods Frameworks */ = {
			isa = PBXShellScriptBuildPhase;
			buildActionMask = 2147483647;
			files = (
			);
			inputFileListPaths = (
				"${PODS_ROOT}/Target Support Files/Pods-JMarvel/Pods-JMarvel-frameworks-${CONFIGURATION}-input-files.xcfilelist",
			);
			name = "[CP] Embed Pods Frameworks";
			outputFileListPaths = (
				"${PODS_ROOT}/Target Support Files/Pods-JMarvel/Pods-JMarvel-frameworks-${CONFIGURATION}-output-files.xcfilelist",
			);
			runOnlyForDeploymentPostprocessing = 0;
			shellPath = /bin/sh;
			shellScript = "\"${PODS_ROOT}/Target Support Files/Pods-JMarvel/Pods-JMarvel-frameworks.sh\"\n";
			showEnvVarsInLog = 0;
		};
/* End PBXShellScriptBuildPhase section */

/* Begin PBXSourcesBuildPhase section */
		17B373AE23FCB97A009A1909 /* Sources */ = {
			isa = PBXSourcesBuildPhase;
			buildActionMask = 2147483647;
			files = (
				17B373EA23FCBF8F009A1909 /* GenericError.swift in Sources */,
				17B373E023FCBB49009A1909 /* Endpoint.swift in Sources */,
				258589C823FEF16E004CE71B /* CharacterDetailsAPI.swift in Sources */,
				250DC8DE23FDB92C007A87BA /* CharacterListWireframe.swift in Sources */,
				258589CA23FEF8B2004CE71B /* CharacterDetailsRequest.swift in Sources */,
				17F176AD23FCE46300B92C90 /* Dictionary+Extensions.swift in Sources */,
				178F3C1C23FF939B0074F4DE /* FavoritesListInteractor.swift in Sources */,
				17B373DE23FCBAF7009A1909 /* Request.swift in Sources */,
				17F176B123FCE81F00B92C90 /* Page.swift in Sources */,
				17B373E423FCBC01009A1909 /* TypeAlias.swift in Sources */,
				178F3C2523FFA49B0074F4DE /* MainRouterWireframe.swift in Sources */,
				250DC8D823FDB8F0007A87BA /* CharacterListPresenter.swift in Sources */,
				17F176BB23FCF47700B92C90 /* CharacterModel.swift in Sources */,
				178F3C0D23FF8E010074F4DE /* PosterCell.swift in Sources */,
				17B373DB23FCBA17009A1909 /* HTTPClient.swift in Sources */,
				250DC8DA23FDB8FD007A87BA /* CharacterListInteractor.swift in Sources */,
				258589BE23FEE9EB004CE71B /* CharacterDetailsPresenter.swift in Sources */,
				178F3C2823FFA6C10074F4DE /* FavoritesListView.swift in Sources */,
				17B373E223FCBB8A009A1909 /* HTTPMethod.swift in Sources */,
				17F176A823FCD22000B92C90 /* Constants.swift in Sources */,
				178F3BFE23FE58FD0074F4DE /* ListResources.swift in Sources */,
				258589C023FEE9F8004CE71B /* CharacterDetailsInteractor.swift in Sources */,
				178F3BFA23FE4F110074F4DE /* CharacterDetailsViewController.swift in Sources */,
				17F176AA23FCE2A200B92C90 /* CryptoHelper.swift in Sources */,
				25B596F72400117100F6BB69 /* LocalDatabaseManager.swift in Sources */,
				25A5E59123FDD1610014ED66 /* CharacterAPI.swift in Sources */,
				17B373C023FCB97A009A1909 /* JMarvel.xcdatamodeld in Sources */,
				178F3C1023FF8E510074F4DE /* PosterItem.swift in Sources */,
				178F3C1F23FF939B0074F4DE /* FavoritesListWireframe.swift in Sources */,
				178F3C1E23FF939B0074F4DE /* FavoritesListPresenter.swift in Sources */,
				17B373B623FCB97A009A1909 /* AppDelegate.swift in Sources */,
				17F176BF23FCF72000B92C90 /* ReusableView.swift in Sources */,
				17F176AF23FCE80F00B92C90 /* ResultModel.swift in Sources */,
				17F176B823FCF32600B92C90 /* CharacterCell.swift in Sources */,
				17F176B523FCF2F200B92C90 /* CharacterListView.swift in Sources */,
				178F3BFC23FE54360074F4DE /* ImageModel.swift in Sources */,
				17B373B823FCB97A009A1909 /* SceneDelegate.swift in Sources */,
				17B373E623FCBC5A009A1909 /* CharactersRequest.swift in Sources */,
				258589C223FEEA0C004CE71B /* CharacterDetailsWireframe.swift in Sources */,
				17B373E823FCBF5F009A1909 /* Result.swift in Sources */,
			);
			runOnlyForDeploymentPostprocessing = 0;
		};
		17B373C723FCB97F009A1909 /* Sources */ = {
			isa = PBXSourcesBuildPhase;
			buildActionMask = 2147483647;
			files = (
				25D17C202406DE1600A90402 /* CharacterListViewSpec.swift in Sources */,
				25D17C1E2406DE1600A90402 /* CharacterListPresenterSpec.swift in Sources */,
				25D17C1F2406DE1600A90402 /* CharacterListInteractorSpec.swift in Sources */,
				25D17C22240709D300A90402 /* CharacterModelMock.swift in Sources */,
				25D17C1D2406DE1600A90402 /* CharacterListWireframeSpec.swift in Sources */,
				25C61CE62406D1AD000C524D /* MainRouterWireframeSpec.swift in Sources */,
			);
			runOnlyForDeploymentPostprocessing = 0;
		};
/* End PBXSourcesBuildPhase section */

/* Begin PBXTargetDependency section */
		17B373CD23FCB97F009A1909 /* PBXTargetDependency */ = {
			isa = PBXTargetDependency;
			target = 17B373B123FCB97A009A1909 /* JMarvel */;
			targetProxy = 17B373CC23FCB97F009A1909 /* PBXContainerItemProxy */;
		};
/* End PBXTargetDependency section */

/* Begin PBXVariantGroup section */
		17B373BB23FCB97A009A1909 /* Main.storyboard */ = {
			isa = PBXVariantGroup;
			children = (
				17B373BC23FCB97A009A1909 /* Base */,
			);
			name = Main.storyboard;
			sourceTree = "<group>";
		};
		17B373C323FCB97F009A1909 /* LaunchScreen.storyboard */ = {
			isa = PBXVariantGroup;
			children = (
				17B373C423FCB97F009A1909 /* Base */,
			);
			name = LaunchScreen.storyboard;
			sourceTree = "<group>";
		};
/* End PBXVariantGroup section */

/* Begin XCBuildConfiguration section */
		17B373D223FCB97F009A1909 /* Debug */ = {
			isa = XCBuildConfiguration;
			buildSettings = {
				ALWAYS_SEARCH_USER_PATHS = NO;
				CLANG_ANALYZER_NONNULL = YES;
				CLANG_ANALYZER_NUMBER_OBJECT_CONVERSION = YES_AGGRESSIVE;
				CLANG_CXX_LANGUAGE_STANDARD = "gnu++14";
				CLANG_CXX_LIBRARY = "libc++";
				CLANG_ENABLE_MODULES = YES;
				CLANG_ENABLE_OBJC_ARC = YES;
				CLANG_ENABLE_OBJC_WEAK = YES;
				CLANG_WARN_BLOCK_CAPTURE_AUTORELEASING = YES;
				CLANG_WARN_BOOL_CONVERSION = YES;
				CLANG_WARN_COMMA = YES;
				CLANG_WARN_CONSTANT_CONVERSION = YES;
				CLANG_WARN_DEPRECATED_OBJC_IMPLEMENTATIONS = YES;
				CLANG_WARN_DIRECT_OBJC_ISA_USAGE = YES_ERROR;
				CLANG_WARN_DOCUMENTATION_COMMENTS = YES;
				CLANG_WARN_EMPTY_BODY = YES;
				CLANG_WARN_ENUM_CONVERSION = YES;
				CLANG_WARN_INFINITE_RECURSION = YES;
				CLANG_WARN_INT_CONVERSION = YES;
				CLANG_WARN_NON_LITERAL_NULL_CONVERSION = YES;
				CLANG_WARN_OBJC_IMPLICIT_RETAIN_SELF = YES;
				CLANG_WARN_OBJC_LITERAL_CONVERSION = YES;
				CLANG_WARN_OBJC_ROOT_CLASS = YES_ERROR;
				CLANG_WARN_RANGE_LOOP_ANALYSIS = YES;
				CLANG_WARN_STRICT_PROTOTYPES = YES;
				CLANG_WARN_SUSPICIOUS_MOVE = YES;
				CLANG_WARN_UNGUARDED_AVAILABILITY = YES_AGGRESSIVE;
				CLANG_WARN_UNREACHABLE_CODE = YES;
				CLANG_WARN__DUPLICATE_METHOD_MATCH = YES;
				COPY_PHASE_STRIP = NO;
				DEBUG_INFORMATION_FORMAT = dwarf;
				ENABLE_STRICT_OBJC_MSGSEND = YES;
				ENABLE_TESTABILITY = YES;
				GCC_C_LANGUAGE_STANDARD = gnu11;
				GCC_DYNAMIC_NO_PIC = NO;
				GCC_NO_COMMON_BLOCKS = YES;
				GCC_OPTIMIZATION_LEVEL = 0;
				GCC_PREPROCESSOR_DEFINITIONS = (
					"DEBUG=1",
					"$(inherited)",
				);
				GCC_WARN_64_TO_32_BIT_CONVERSION = YES;
				GCC_WARN_ABOUT_RETURN_TYPE = YES_ERROR;
				GCC_WARN_UNDECLARED_SELECTOR = YES;
				GCC_WARN_UNINITIALIZED_AUTOS = YES_AGGRESSIVE;
				GCC_WARN_UNUSED_FUNCTION = YES;
				GCC_WARN_UNUSED_VARIABLE = YES;
				IPHONEOS_DEPLOYMENT_TARGET = 13.1;
				MTL_ENABLE_DEBUG_INFO = INCLUDE_SOURCE;
				MTL_FAST_MATH = YES;
				ONLY_ACTIVE_ARCH = YES;
				SDKROOT = iphoneos;
				SWIFT_ACTIVE_COMPILATION_CONDITIONS = DEBUG;
				SWIFT_OPTIMIZATION_LEVEL = "-Onone";
			};
			name = Debug;
		};
		17B373D323FCB97F009A1909 /* Release */ = {
			isa = XCBuildConfiguration;
			buildSettings = {
				ALWAYS_SEARCH_USER_PATHS = NO;
				CLANG_ANALYZER_NONNULL = YES;
				CLANG_ANALYZER_NUMBER_OBJECT_CONVERSION = YES_AGGRESSIVE;
				CLANG_CXX_LANGUAGE_STANDARD = "gnu++14";
				CLANG_CXX_LIBRARY = "libc++";
				CLANG_ENABLE_MODULES = YES;
				CLANG_ENABLE_OBJC_ARC = YES;
				CLANG_ENABLE_OBJC_WEAK = YES;
				CLANG_WARN_BLOCK_CAPTURE_AUTORELEASING = YES;
				CLANG_WARN_BOOL_CONVERSION = YES;
				CLANG_WARN_COMMA = YES;
				CLANG_WARN_CONSTANT_CONVERSION = YES;
				CLANG_WARN_DEPRECATED_OBJC_IMPLEMENTATIONS = YES;
				CLANG_WARN_DIRECT_OBJC_ISA_USAGE = YES_ERROR;
				CLANG_WARN_DOCUMENTATION_COMMENTS = YES;
				CLANG_WARN_EMPTY_BODY = YES;
				CLANG_WARN_ENUM_CONVERSION = YES;
				CLANG_WARN_INFINITE_RECURSION = YES;
				CLANG_WARN_INT_CONVERSION = YES;
				CLANG_WARN_NON_LITERAL_NULL_CONVERSION = YES;
				CLANG_WARN_OBJC_IMPLICIT_RETAIN_SELF = YES;
				CLANG_WARN_OBJC_LITERAL_CONVERSION = YES;
				CLANG_WARN_OBJC_ROOT_CLASS = YES_ERROR;
				CLANG_WARN_RANGE_LOOP_ANALYSIS = YES;
				CLANG_WARN_STRICT_PROTOTYPES = YES;
				CLANG_WARN_SUSPICIOUS_MOVE = YES;
				CLANG_WARN_UNGUARDED_AVAILABILITY = YES_AGGRESSIVE;
				CLANG_WARN_UNREACHABLE_CODE = YES;
				CLANG_WARN__DUPLICATE_METHOD_MATCH = YES;
				COPY_PHASE_STRIP = NO;
				DEBUG_INFORMATION_FORMAT = "dwarf-with-dsym";
				ENABLE_NS_ASSERTIONS = NO;
				ENABLE_STRICT_OBJC_MSGSEND = YES;
				GCC_C_LANGUAGE_STANDARD = gnu11;
				GCC_NO_COMMON_BLOCKS = YES;
				GCC_WARN_64_TO_32_BIT_CONVERSION = YES;
				GCC_WARN_ABOUT_RETURN_TYPE = YES_ERROR;
				GCC_WARN_UNDECLARED_SELECTOR = YES;
				GCC_WARN_UNINITIALIZED_AUTOS = YES_AGGRESSIVE;
				GCC_WARN_UNUSED_FUNCTION = YES;
				GCC_WARN_UNUSED_VARIABLE = YES;
				IPHONEOS_DEPLOYMENT_TARGET = 13.1;
				MTL_ENABLE_DEBUG_INFO = NO;
				MTL_FAST_MATH = YES;
				SDKROOT = iphoneos;
				SWIFT_COMPILATION_MODE = wholemodule;
				SWIFT_OPTIMIZATION_LEVEL = "-O";
				VALIDATE_PRODUCT = YES;
			};
			name = Release;
		};
		17B373D523FCB97F009A1909 /* Debug */ = {
			isa = XCBuildConfiguration;
			baseConfigurationReference = AE60A0F7AD025D8D646433C6 /* Pods-JMarvel.debug.xcconfig */;
			buildSettings = {
				ASSETCATALOG_COMPILER_APPICON_NAME = AppIcon;
				DEVELOPMENT_TEAM = KW44L7584U;
				INFOPLIST_FILE = JMarvel/Info.plist;
				IPHONEOS_DEPLOYMENT_TARGET = 13.0;
				LD_RUNPATH_SEARCH_PATHS = (
					"$(inherited)",
					"@executable_path/Frameworks",
				);
				PRODUCT_BUNDLE_IDENTIFIER = JM.JMarvel;
				PRODUCT_NAME = "$(TARGET_NAME)";
				SWIFT_VERSION = 5.0;
				TARGETED_DEVICE_FAMILY = "1,2";
			};
			name = Debug;
		};
		17B373D623FCB97F009A1909 /* Release */ = {
			isa = XCBuildConfiguration;
			baseConfigurationReference = 498D1BF6FBC6FA2889ECFAAA /* Pods-JMarvel.release.xcconfig */;
			buildSettings = {
				ASSETCATALOG_COMPILER_APPICON_NAME = AppIcon;
				DEVELOPMENT_TEAM = KW44L7584U;
				INFOPLIST_FILE = JMarvel/Info.plist;
				IPHONEOS_DEPLOYMENT_TARGET = 13.0;
				LD_RUNPATH_SEARCH_PATHS = (
					"$(inherited)",
					"@executable_path/Frameworks",
				);
				PRODUCT_BUNDLE_IDENTIFIER = JM.JMarvel;
				PRODUCT_NAME = "$(TARGET_NAME)";
				SWIFT_VERSION = 5.0;
				TARGETED_DEVICE_FAMILY = "1,2";
			};
			name = Release;
		};
		17B373D823FCB97F009A1909 /* Debug */ = {
			isa = XCBuildConfiguration;
			baseConfigurationReference = 542EEC07FBC8165ED8CE02B1 /* Pods-JMarvelTests.debug.xcconfig */;
			buildSettings = {
				ALWAYS_EMBED_SWIFT_STANDARD_LIBRARIES = YES;
				BUNDLE_LOADER = "$(TEST_HOST)";
				CODE_SIGN_STYLE = Automatic;
				DEVELOPMENT_TEAM = 68F4V28A64;
				INFOPLIST_FILE = JMarvelTests/Info.plist;
				IPHONEOS_DEPLOYMENT_TARGET = 13.1;
				LD_RUNPATH_SEARCH_PATHS = (
					"$(inherited)",
					"@executable_path/Frameworks",
					"@loader_path/Frameworks",
				);
				PRODUCT_BUNDLE_IDENTIFIER = JM.JMarvelTests;
				PRODUCT_NAME = "$(TARGET_NAME)";
				SWIFT_VERSION = 5.0;
				TARGETED_DEVICE_FAMILY = "1,2";
				TEST_HOST = "$(BUILT_PRODUCTS_DIR)/JMarvel.app/JMarvel";
			};
			name = Debug;
		};
		17B373D923FCB97F009A1909 /* Release */ = {
			isa = XCBuildConfiguration;
			baseConfigurationReference = 58E6F531F9A601FFCBECDDDB /* Pods-JMarvelTests.release.xcconfig */;
			buildSettings = {
				ALWAYS_EMBED_SWIFT_STANDARD_LIBRARIES = YES;
				BUNDLE_LOADER = "$(TEST_HOST)";
				CODE_SIGN_STYLE = Automatic;
				DEVELOPMENT_TEAM = 68F4V28A64;
				INFOPLIST_FILE = JMarvelTests/Info.plist;
				IPHONEOS_DEPLOYMENT_TARGET = 13.1;
				LD_RUNPATH_SEARCH_PATHS = (
					"$(inherited)",
					"@executable_path/Frameworks",
					"@loader_path/Frameworks",
				);
				PRODUCT_BUNDLE_IDENTIFIER = JM.JMarvelTests;
				PRODUCT_NAME = "$(TARGET_NAME)";
				SWIFT_VERSION = 5.0;
				TARGETED_DEVICE_FAMILY = "1,2";
				TEST_HOST = "$(BUILT_PRODUCTS_DIR)/JMarvel.app/JMarvel";
			};
			name = Release;
		};
/* End XCBuildConfiguration section */

/* Begin XCConfigurationList section */
		17B373AD23FCB979009A1909 /* Build configuration list for PBXProject "JMarvel" */ = {
			isa = XCConfigurationList;
			buildConfigurations = (
				17B373D223FCB97F009A1909 /* Debug */,
				17B373D323FCB97F009A1909 /* Release */,
			);
			defaultConfigurationIsVisible = 0;
			defaultConfigurationName = Release;
		};
		17B373D423FCB97F009A1909 /* Build configuration list for PBXNativeTarget "JMarvel" */ = {
			isa = XCConfigurationList;
			buildConfigurations = (
				17B373D523FCB97F009A1909 /* Debug */,
				17B373D623FCB97F009A1909 /* Release */,
			);
			defaultConfigurationIsVisible = 0;
			defaultConfigurationName = Release;
		};
		17B373D723FCB97F009A1909 /* Build configuration list for PBXNativeTarget "JMarvelTests" */ = {
			isa = XCConfigurationList;
			buildConfigurations = (
				17B373D823FCB97F009A1909 /* Debug */,
				17B373D923FCB97F009A1909 /* Release */,
			);
			defaultConfigurationIsVisible = 0;
			defaultConfigurationName = Release;
		};
/* End XCConfigurationList section */

/* Begin XCVersionGroup section */
		17B373BE23FCB97A009A1909 /* JMarvel.xcdatamodeld */ = {
			isa = XCVersionGroup;
			children = (
				17B373BF23FCB97A009A1909 /* JMarvel.xcdatamodel */,
			);
			currentVersion = 17B373BF23FCB97A009A1909 /* JMarvel.xcdatamodel */;
			path = JMarvel.xcdatamodeld;
			sourceTree = "<group>";
			versionGroupType = wrapper.xcdatamodel;
		};
/* End XCVersionGroup section */
	};
	rootObject = 17B373AA23FCB979009A1909 /* Project object */;
}
