// !$*UTF8*$!
{
	archiveVersion = 1;
	classes = {
	};
	objectVersion = 50;
	objects = {

/* Begin PBXBuildFile section */
		0B0965D6AD0727660BC142A0 /* Pods_JMarvel.framework in Frameworks */ = {isa = PBXBuildFile; fileRef = 1E428A27D5904448BEDBDE5E /* Pods_JMarvel.framework */; };
		17B373B623FCB97A009A1909 /* AppDelegate.swift in Sources */ = {isa = PBXBuildFile; fileRef = 17B373B523FCB97A009A1909 /* AppDelegate.swift */; };
		17B373B823FCB97A009A1909 /* SceneDelegate.swift in Sources */ = {isa = PBXBuildFile; fileRef = 17B373B723FCB97A009A1909 /* SceneDelegate.swift */; };
		17B373BA23FCB97A009A1909 /* ViewController.swift in Sources */ = {isa = PBXBuildFile; fileRef = 17B373B923FCB97A009A1909 /* ViewController.swift */; };
		17B373BD23FCB97A009A1909 /* Main.storyboard in Resources */ = {isa = PBXBuildFile; fileRef = 17B373BB23FCB97A009A1909 /* Main.storyboard */; };
		17B373C023FCB97A009A1909 /* JMarvel.xcdatamodeld in Sources */ = {isa = PBXBuildFile; fileRef = 17B373BE23FCB97A009A1909 /* JMarvel.xcdatamodeld */; };
		17B373C223FCB97F009A1909 /* Assets.xcassets in Resources */ = {isa = PBXBuildFile; fileRef = 17B373C123FCB97F009A1909 /* Assets.xcassets */; };
		17B373C523FCB97F009A1909 /* LaunchScreen.storyboard in Resources */ = {isa = PBXBuildFile; fileRef = 17B373C323FCB97F009A1909 /* LaunchScreen.storyboard */; };
		17B373D023FCB97F009A1909 /* JMarvelTests.swift in Sources */ = {isa = PBXBuildFile; fileRef = 17B373CF23FCB97F009A1909 /* JMarvelTests.swift */; };
		17B373DB23FCBA17009A1909 /* HTTPClient.swift in Sources */ = {isa = PBXBuildFile; fileRef = 17B373DA23FCBA17009A1909 /* HTTPClient.swift */; };
		17B373DE23FCBAF7009A1909 /* Request.swift in Sources */ = {isa = PBXBuildFile; fileRef = 17B373DD23FCBAF7009A1909 /* Request.swift */; };
		17B373E023FCBB49009A1909 /* Endpoint.swift in Sources */ = {isa = PBXBuildFile; fileRef = 17B373DF23FCBB49009A1909 /* Endpoint.swift */; };
		17B373E223FCBB8A009A1909 /* HTTPMethod.swift in Sources */ = {isa = PBXBuildFile; fileRef = 17B373E123FCBB8A009A1909 /* HTTPMethod.swift */; };
		17B373E423FCBC01009A1909 /* TypeAlias.swift in Sources */ = {isa = PBXBuildFile; fileRef = 17B373E323FCBC01009A1909 /* TypeAlias.swift */; };
		17B373E623FCBC5A009A1909 /* TestRequest.swift in Sources */ = {isa = PBXBuildFile; fileRef = 17B373E523FCBC5A009A1909 /* TestRequest.swift */; };
		17B373E823FCBF5F009A1909 /* Result.swift in Sources */ = {isa = PBXBuildFile; fileRef = 17B373E723FCBF5F009A1909 /* Result.swift */; };
		17B373EA23FCBF8F009A1909 /* GenericError.swift in Sources */ = {isa = PBXBuildFile; fileRef = 17B373E923FCBF8F009A1909 /* GenericError.swift */; };
		17F176A823FCD22000B92C90 /* Constants.swift in Sources */ = {isa = PBXBuildFile; fileRef = 17F176A723FCD22000B92C90 /* Constants.swift */; };
		17F176AA23FCE2A200B92C90 /* CryptoHelper.swift in Sources */ = {isa = PBXBuildFile; fileRef = 17F176A923FCE2A200B92C90 /* CryptoHelper.swift */; };
		17F176AD23FCE46300B92C90 /* Dictionary+Extensions.swift in Sources */ = {isa = PBXBuildFile; fileRef = 17F176AB23FCE3A500B92C90 /* Dictionary+Extensions.swift */; };
		17F176AF23FCE80F00B92C90 /* ResultModel.swift in Sources */ = {isa = PBXBuildFile; fileRef = 17F176AE23FCE80F00B92C90 /* ResultModel.swift */; };
		17F176B123FCE81F00B92C90 /* Page.swift in Sources */ = {isa = PBXBuildFile; fileRef = 17F176B023FCE81F00B92C90 /* Page.swift */; };
		A09930AB272FEF603DCF4A65 /* Pods_JMarvelTests.framework in Frameworks */ = {isa = PBXBuildFile; fileRef = CEE17020C672911C2DA4ED60 /* Pods_JMarvelTests.framework */; };
/* End PBXBuildFile section */

/* Begin PBXContainerItemProxy section */
		17B373CC23FCB97F009A1909 /* PBXContainerItemProxy */ = {
			isa = PBXContainerItemProxy;
			containerPortal = 17B373AA23FCB979009A1909 /* Project object */;
			proxyType = 1;
			remoteGlobalIDString = 17B373B123FCB97A009A1909;
			remoteInfo = JMarvel;
		};
/* End PBXContainerItemProxy section */

/* Begin PBXFileReference section */
		17B373B223FCB97A009A1909 /* JMarvel.app */ = {isa = PBXFileReference; explicitFileType = wrapper.application; includeInIndex = 0; path = JMarvel.app; sourceTree = BUILT_PRODUCTS_DIR; };
		17B373B523FCB97A009A1909 /* AppDelegate.swift */ = {isa = PBXFileReference; lastKnownFileType = sourcecode.swift; path = AppDelegate.swift; sourceTree = "<group>"; };
		17B373B723FCB97A009A1909 /* SceneDelegate.swift */ = {isa = PBXFileReference; lastKnownFileType = sourcecode.swift; path = SceneDelegate.swift; sourceTree = "<group>"; };
		17B373B923FCB97A009A1909 /* ViewController.swift */ = {isa = PBXFileReference; lastKnownFileType = sourcecode.swift; path = ViewController.swift; sourceTree = "<group>"; };
		17B373BC23FCB97A009A1909 /* Base */ = {isa = PBXFileReference; lastKnownFileType = file.storyboard; name = Base; path = Base.lproj/Main.storyboard; sourceTree = "<group>"; };
		17B373BF23FCB97A009A1909 /* JMarvel.xcdatamodel */ = {isa = PBXFileReference; lastKnownFileType = wrapper.xcdatamodel; path = JMarvel.xcdatamodel; sourceTree = "<group>"; };
		17B373C123FCB97F009A1909 /* Assets.xcassets */ = {isa = PBXFileReference; lastKnownFileType = folder.assetcatalog; path = Assets.xcassets; sourceTree = "<group>"; };
		17B373C423FCB97F009A1909 /* Base */ = {isa = PBXFileReference; lastKnownFileType = file.storyboard; name = Base; path = Base.lproj/LaunchScreen.storyboard; sourceTree = "<group>"; };
		17B373C623FCB97F009A1909 /* Info.plist */ = {isa = PBXFileReference; lastKnownFileType = text.plist.xml; path = Info.plist; sourceTree = "<group>"; };
		17B373CB23FCB97F009A1909 /* JMarvelTests.xctest */ = {isa = PBXFileReference; explicitFileType = wrapper.cfbundle; includeInIndex = 0; path = JMarvelTests.xctest; sourceTree = BUILT_PRODUCTS_DIR; };
		17B373CF23FCB97F009A1909 /* JMarvelTests.swift */ = {isa = PBXFileReference; lastKnownFileType = sourcecode.swift; path = JMarvelTests.swift; sourceTree = "<group>"; };
		17B373D123FCB97F009A1909 /* Info.plist */ = {isa = PBXFileReference; lastKnownFileType = text.plist.xml; path = Info.plist; sourceTree = "<group>"; };
		17B373DA23FCBA17009A1909 /* HTTPClient.swift */ = {isa = PBXFileReference; lastKnownFileType = sourcecode.swift; path = HTTPClient.swift; sourceTree = "<group>"; };
		17B373DD23FCBAF7009A1909 /* Request.swift */ = {isa = PBXFileReference; lastKnownFileType = sourcecode.swift; path = Request.swift; sourceTree = "<group>"; };
		17B373DF23FCBB49009A1909 /* Endpoint.swift */ = {isa = PBXFileReference; lastKnownFileType = sourcecode.swift; path = Endpoint.swift; sourceTree = "<group>"; };
		17B373E123FCBB8A009A1909 /* HTTPMethod.swift */ = {isa = PBXFileReference; lastKnownFileType = sourcecode.swift; path = HTTPMethod.swift; sourceTree = "<group>"; };
		17B373E323FCBC01009A1909 /* TypeAlias.swift */ = {isa = PBXFileReference; lastKnownFileType = sourcecode.swift; path = TypeAlias.swift; sourceTree = "<group>"; };
		17B373E523FCBC5A009A1909 /* TestRequest.swift */ = {isa = PBXFileReference; lastKnownFileType = sourcecode.swift; path = TestRequest.swift; sourceTree = "<group>"; };
		17B373E723FCBF5F009A1909 /* Result.swift */ = {isa = PBXFileReference; lastKnownFileType = sourcecode.swift; path = Result.swift; sourceTree = "<group>"; };
		17B373E923FCBF8F009A1909 /* GenericError.swift */ = {isa = PBXFileReference; lastKnownFileType = sourcecode.swift; path = GenericError.swift; sourceTree = "<group>"; };
		17F176A723FCD22000B92C90 /* Constants.swift */ = {isa = PBXFileReference; lastKnownFileType = sourcecode.swift; path = Constants.swift; sourceTree = "<group>"; };
		17F176A923FCE2A200B92C90 /* CryptoHelper.swift */ = {isa = PBXFileReference; lastKnownFileType = sourcecode.swift; path = CryptoHelper.swift; sourceTree = "<group>"; };
		17F176AB23FCE3A500B92C90 /* Dictionary+Extensions.swift */ = {isa = PBXFileReference; lastKnownFileType = sourcecode.swift; path = "Dictionary+Extensions.swift"; sourceTree = "<group>"; };
		17F176AE23FCE80F00B92C90 /* ResultModel.swift */ = {isa = PBXFileReference; lastKnownFileType = sourcecode.swift; path = ResultModel.swift; sourceTree = "<group>"; };
		17F176B023FCE81F00B92C90 /* Page.swift */ = {isa = PBXFileReference; lastKnownFileType = sourcecode.swift; path = Page.swift; sourceTree = "<group>"; };
		1E428A27D5904448BEDBDE5E /* Pods_JMarvel.framework */ = {isa = PBXFileReference; explicitFileType = wrapper.framework; includeInIndex = 0; path = Pods_JMarvel.framework; sourceTree = BUILT_PRODUCTS_DIR; };
		8C0076B045320665FD5320C6 /* Pods-JMarvelTests.debug.xcconfig */ = {isa = PBXFileReference; includeInIndex = 1; lastKnownFileType = text.xcconfig; name = "Pods-JMarvelTests.debug.xcconfig"; path = "Target Support Files/Pods-JMarvelTests/Pods-JMarvelTests.debug.xcconfig"; sourceTree = "<group>"; };
		95990BC29EB77DE65A652C09 /* Pods-JMarvel.debug.xcconfig */ = {isa = PBXFileReference; includeInIndex = 1; lastKnownFileType = text.xcconfig; name = "Pods-JMarvel.debug.xcconfig"; path = "Target Support Files/Pods-JMarvel/Pods-JMarvel.debug.xcconfig"; sourceTree = "<group>"; };
		BAA7F74F6293073A20081214 /* Pods-JMarvel.release.xcconfig */ = {isa = PBXFileReference; includeInIndex = 1; lastKnownFileType = text.xcconfig; name = "Pods-JMarvel.release.xcconfig"; path = "Target Support Files/Pods-JMarvel/Pods-JMarvel.release.xcconfig"; sourceTree = "<group>"; };
		C22D5CBFA15FD7537A14AF69 /* Pods-JMarvelTests.release.xcconfig */ = {isa = PBXFileReference; includeInIndex = 1; lastKnownFileType = text.xcconfig; name = "Pods-JMarvelTests.release.xcconfig"; path = "Target Support Files/Pods-JMarvelTests/Pods-JMarvelTests.release.xcconfig"; sourceTree = "<group>"; };
		CEE17020C672911C2DA4ED60 /* Pods_JMarvelTests.framework */ = {isa = PBXFileReference; explicitFileType = wrapper.framework; includeInIndex = 0; path = Pods_JMarvelTests.framework; sourceTree = BUILT_PRODUCTS_DIR; };
/* End PBXFileReference section */

/* Begin PBXFrameworksBuildPhase section */
		17B373AF23FCB97A009A1909 /* Frameworks */ = {
			isa = PBXFrameworksBuildPhase;
			buildActionMask = 2147483647;
			files = (
				0B0965D6AD0727660BC142A0 /* Pods_JMarvel.framework in Frameworks */,
			);
			runOnlyForDeploymentPostprocessing = 0;
		};
		17B373C823FCB97F009A1909 /* Frameworks */ = {
			isa = PBXFrameworksBuildPhase;
			buildActionMask = 2147483647;
			files = (
				A09930AB272FEF603DCF4A65 /* Pods_JMarvelTests.framework in Frameworks */,
			);
			runOnlyForDeploymentPostprocessing = 0;
		};
/* End PBXFrameworksBuildPhase section */

/* Begin PBXGroup section */
		17B373A923FCB979009A1909 = {
			isa = PBXGroup;
			children = (
				17B373B423FCB97A009A1909 /* JMarvel */,
				17B373CE23FCB97F009A1909 /* JMarvelTests */,
				17B373B323FCB97A009A1909 /* Products */,
				D4116E020711DCF087A75065 /* Pods */,
				B5B55EE08FFC5463FE240B00 /* Frameworks */,
			);
			sourceTree = "<group>";
		};
		17B373B323FCB97A009A1909 /* Products */ = {
			isa = PBXGroup;
			children = (
				17B373B223FCB97A009A1909 /* JMarvel.app */,
				17B373CB23FCB97F009A1909 /* JMarvelTests.xctest */,
			);
			name = Products;
			sourceTree = "<group>";
		};
		17B373B423FCB97A009A1909 /* JMarvel */ = {
			isa = PBXGroup;
			children = (
				17B373DC23FCBAEB009A1909 /* API */,
				17B373B523FCB97A009A1909 /* AppDelegate.swift */,
				17B373B723FCB97A009A1909 /* SceneDelegate.swift */,
				17B373B923FCB97A009A1909 /* ViewController.swift */,
				17B373BB23FCB97A009A1909 /* Main.storyboard */,
				17B373C123FCB97F009A1909 /* Assets.xcassets */,
				17B373C323FCB97F009A1909 /* LaunchScreen.storyboard */,
				17B373C623FCB97F009A1909 /* Info.plist */,
				17B373BE23FCB97A009A1909 /* JMarvel.xcdatamodeld */,
				17B373E523FCBC5A009A1909 /* TestRequest.swift */,
			);
			path = JMarvel;
			sourceTree = "<group>";
		};
		17B373CE23FCB97F009A1909 /* JMarvelTests */ = {
			isa = PBXGroup;
			children = (
				17B373CF23FCB97F009A1909 /* JMarvelTests.swift */,
				17B373D123FCB97F009A1909 /* Info.plist */,
			);
			path = JMarvelTests;
			sourceTree = "<group>";
		};
		17B373DC23FCBAEB009A1909 /* API */ = {
			isa = PBXGroup;
			children = (
				17B373DD23FCBAF7009A1909 /* Request.swift */,
				17B373DF23FCBB49009A1909 /* Endpoint.swift */,
				17B373E123FCBB8A009A1909 /* HTTPMethod.swift */,
				17B373DA23FCBA17009A1909 /* HTTPClient.swift */,
				17B373E323FCBC01009A1909 /* TypeAlias.swift */,
				17B373E723FCBF5F009A1909 /* Result.swift */,
				17B373E923FCBF8F009A1909 /* GenericError.swift */,
				17F176A723FCD22000B92C90 /* Constants.swift */,
				17F176A923FCE2A200B92C90 /* CryptoHelper.swift */,
				17F176AB23FCE3A500B92C90 /* Dictionary+Extensions.swift */,
				17F176AE23FCE80F00B92C90 /* ResultModel.swift */,
				17F176B023FCE81F00B92C90 /* Page.swift */,
			);
			path = API;
			sourceTree = "<group>";
		};
		B5B55EE08FFC5463FE240B00 /* Frameworks */ = {
			isa = PBXGroup;
			children = (
				1E428A27D5904448BEDBDE5E /* Pods_JMarvel.framework */,
				CEE17020C672911C2DA4ED60 /* Pods_JMarvelTests.framework */,
			);
			name = Frameworks;
			sourceTree = "<group>";
		};
		D4116E020711DCF087A75065 /* Pods */ = {
			isa = PBXGroup;
			children = (
				95990BC29EB77DE65A652C09 /* Pods-JMarvel.debug.xcconfig */,
				BAA7F74F6293073A20081214 /* Pods-JMarvel.release.xcconfig */,
				8C0076B045320665FD5320C6 /* Pods-JMarvelTests.debug.xcconfig */,
				C22D5CBFA15FD7537A14AF69 /* Pods-JMarvelTests.release.xcconfig */,
			);
			path = Pods;
			sourceTree = "<group>";
		};
/* End PBXGroup section */

/* Begin PBXNativeTarget section */
		17B373B123FCB97A009A1909 /* JMarvel */ = {
			isa = PBXNativeTarget;
			buildConfigurationList = 17B373D423FCB97F009A1909 /* Build configuration list for PBXNativeTarget "JMarvel" */;
			buildPhases = (
				386C0702F7B9796750719958 /* [CP] Check Pods Manifest.lock */,
				17F176B223FCEC5F00B92C90 /* SwiftLint */,
				17B373AE23FCB97A009A1909 /* Sources */,
				17B373AF23FCB97A009A1909 /* Frameworks */,
				17B373B023FCB97A009A1909 /* Resources */,
			);
			buildRules = (
			);
			dependencies = (
			);
			name = JMarvel;
			productName = JMarvel;
			productReference = 17B373B223FCB97A009A1909 /* JMarvel.app */;
			productType = "com.apple.product-type.application";
		};
		17B373CA23FCB97F009A1909 /* JMarvelTests */ = {
			isa = PBXNativeTarget;
			buildConfigurationList = 17B373D723FCB97F009A1909 /* Build configuration list for PBXNativeTarget "JMarvelTests" */;
			buildPhases = (
				49E608FFCBA665F0F3CBA5F1 /* [CP] Check Pods Manifest.lock */,
				17B373C723FCB97F009A1909 /* Sources */,
				17B373C823FCB97F009A1909 /* Frameworks */,
				17B373C923FCB97F009A1909 /* Resources */,
			);
			buildRules = (
			);
			dependencies = (
				17B373CD23FCB97F009A1909 /* PBXTargetDependency */,
			);
			name = JMarvelTests;
			productName = JMarvelTests;
			productReference = 17B373CB23FCB97F009A1909 /* JMarvelTests.xctest */;
			productType = "com.apple.product-type.bundle.unit-test";
		};
/* End PBXNativeTarget section */

/* Begin PBXProject section */
		17B373AA23FCB979009A1909 /* Project object */ = {
			isa = PBXProject;
			attributes = {
				LastSwiftUpdateCheck = 1110;
				LastUpgradeCheck = 1110;
				ORGANIZATIONNAME = JoaoMarcos;
				TargetAttributes = {
					17B373B123FCB97A009A1909 = {
						CreatedOnToolsVersion = 11.1;
					};
					17B373CA23FCB97F009A1909 = {
						CreatedOnToolsVersion = 11.1;
						TestTargetID = 17B373B123FCB97A009A1909;
					};
				};
			};
			buildConfigurationList = 17B373AD23FCB979009A1909 /* Build configuration list for PBXProject "JMarvel" */;
			compatibilityVersion = "Xcode 9.3";
			developmentRegion = en;
			hasScannedForEncodings = 0;
			knownRegions = (
				en,
				Base,
			);
			mainGroup = 17B373A923FCB979009A1909;
			productRefGroup = 17B373B323FCB97A009A1909 /* Products */;
			projectDirPath = "";
			projectRoot = "";
			targets = (
				17B373B123FCB97A009A1909 /* JMarvel */,
				17B373CA23FCB97F009A1909 /* JMarvelTests */,
			);
		};
/* End PBXProject section */

/* Begin PBXResourcesBuildPhase section */
		17B373B023FCB97A009A1909 /* Resources */ = {
			isa = PBXResourcesBuildPhase;
			buildActionMask = 2147483647;
			files = (
				17B373C523FCB97F009A1909 /* LaunchScreen.storyboard in Resources */,
				17B373C223FCB97F009A1909 /* Assets.xcassets in Resources */,
				17B373BD23FCB97A009A1909 /* Main.storyboard in Resources */,
			);
			runOnlyForDeploymentPostprocessing = 0;
		};
		17B373C923FCB97F009A1909 /* Resources */ = {
			isa = PBXResourcesBuildPhase;
			buildActionMask = 2147483647;
			files = (
			);
			runOnlyForDeploymentPostprocessing = 0;
		};
/* End PBXResourcesBuildPhase section */

/* Begin PBXShellScriptBuildPhase section */
		17F176B223FCEC5F00B92C90 /* SwiftLint */ = {
			isa = PBXShellScriptBuildPhase;
			buildActionMask = 2147483647;
			files = (
			);
			inputFileListPaths = (
			);
			inputPaths = (
			);
			name = SwiftLint;
			outputFileListPaths = (
			);
			outputPaths = (
			);
			runOnlyForDeploymentPostprocessing = 0;
			shellPath = /bin/sh;
			shellScript = "\"${PODS_ROOT}/SwiftLint/swiftlint\"\n";
		};
		386C0702F7B9796750719958 /* [CP] Check Pods Manifest.lock */ = {
			isa = PBXShellScriptBuildPhase;
			buildActionMask = 2147483647;
			files = (
			);
			inputFileListPaths = (
			);
			inputPaths = (
				"${PODS_PODFILE_DIR_PATH}/Podfile.lock",
				"${PODS_ROOT}/Manifest.lock",
			);
			name = "[CP] Check Pods Manifest.lock";
			outputFileListPaths = (
			);
			outputPaths = (
				"$(DERIVED_FILE_DIR)/Pods-JMarvel-checkManifestLockResult.txt",
			);
			runOnlyForDeploymentPostprocessing = 0;
			shellPath = /bin/sh;
			shellScript = "diff \"${PODS_PODFILE_DIR_PATH}/Podfile.lock\" \"${PODS_ROOT}/Manifest.lock\" > /dev/null\nif [ $? != 0 ] ; then\n    # print error to STDERR\n    echo \"error: The sandbox is not in sync with the Podfile.lock. Run 'pod install' or update your CocoaPods installation.\" >&2\n    exit 1\nfi\n# This output is used by Xcode 'outputs' to avoid re-running this script phase.\necho \"SUCCESS\" > \"${SCRIPT_OUTPUT_FILE_0}\"\n";
			showEnvVarsInLog = 0;
		};
		49E608FFCBA665F0F3CBA5F1 /* [CP] Check Pods Manifest.lock */ = {
			isa = PBXShellScriptBuildPhase;
			buildActionMask = 2147483647;
			files = (
			);
			inputFileListPaths = (
			);
			inputPaths = (
				"${PODS_PODFILE_DIR_PATH}/Podfile.lock",
				"${PODS_ROOT}/Manifest.lock",
			);
			name = "[CP] Check Pods Manifest.lock";
			outputFileListPaths = (
			);
			outputPaths = (
				"$(DERIVED_FILE_DIR)/Pods-JMarvelTests-checkManifestLockResult.txt",
			);
			runOnlyForDeploymentPostprocessing = 0;
			shellPath = /bin/sh;
			shellScript = "diff \"${PODS_PODFILE_DIR_PATH}/Podfile.lock\" \"${PODS_ROOT}/Manifest.lock\" > /dev/null\nif [ $? != 0 ] ; then\n    # print error to STDERR\n    echo \"error: The sandbox is not in sync with the Podfile.lock. Run 'pod install' or update your CocoaPods installation.\" >&2\n    exit 1\nfi\n# This output is used by Xcode 'outputs' to avoid re-running this script phase.\necho \"SUCCESS\" > \"${SCRIPT_OUTPUT_FILE_0}\"\n";
			showEnvVarsInLog = 0;
		};
/* End PBXShellScriptBuildPhase section */

/* Begin PBXSourcesBuildPhase section */
		17B373AE23FCB97A009A1909 /* Sources */ = {
			isa = PBXSourcesBuildPhase;
			buildActionMask = 2147483647;
			files = (
				17B373EA23FCBF8F009A1909 /* GenericError.swift in Sources */,
				17B373E023FCBB49009A1909 /* Endpoint.swift in Sources */,
				17F176AD23FCE46300B92C90 /* Dictionary+Extensions.swift in Sources */,
				17B373BA23FCB97A009A1909 /* ViewController.swift in Sources */,
				17B373DE23FCBAF7009A1909 /* Request.swift in Sources */,
				17F176B123FCE81F00B92C90 /* Page.swift in Sources */,
				17B373E423FCBC01009A1909 /* TypeAlias.swift in Sources */,
				17B373DB23FCBA17009A1909 /* HTTPClient.swift in Sources */,
				17B373E223FCBB8A009A1909 /* HTTPMethod.swift in Sources */,
				17F176A823FCD22000B92C90 /* Constants.swift in Sources */,
				17F176AA23FCE2A200B92C90 /* CryptoHelper.swift in Sources */,
				17B373C023FCB97A009A1909 /* JMarvel.xcdatamodeld in Sources */,
				17B373B623FCB97A009A1909 /* AppDelegate.swift in Sources */,
				17F176AF23FCE80F00B92C90 /* ResultModel.swift in Sources */,
				17B373B823FCB97A009A1909 /* SceneDelegate.swift in Sources */,
				17B373E623FCBC5A009A1909 /* TestRequest.swift in Sources */,
				17B373E823FCBF5F009A1909 /* Result.swift in Sources */,
			);
			runOnlyForDeploymentPostprocessing = 0;
		};
		17B373C723FCB97F009A1909 /* Sources */ = {
			isa = PBXSourcesBuildPhase;
			buildActionMask = 2147483647;
			files = (
				17B373D023FCB97F009A1909 /* JMarvelTests.swift in Sources */,
			);
			runOnlyForDeploymentPostprocessing = 0;
		};
/* End PBXSourcesBuildPhase section */

/* Begin PBXTargetDependency section */
		17B373CD23FCB97F009A1909 /* PBXTargetDependency */ = {
			isa = PBXTargetDependency;
			target = 17B373B123FCB97A009A1909 /* JMarvel */;
			targetProxy = 17B373CC23FCB97F009A1909 /* PBXContainerItemProxy */;
		};
/* End PBXTargetDependency section */

/* Begin PBXVariantGroup section */
		17B373BB23FCB97A009A1909 /* Main.storyboard */ = {
			isa = PBXVariantGroup;
			children = (
				17B373BC23FCB97A009A1909 /* Base */,
			);
			name = Main.storyboard;
			sourceTree = "<group>";
		};
		17B373C323FCB97F009A1909 /* LaunchScreen.storyboard */ = {
			isa = PBXVariantGroup;
			children = (
				17B373C423FCB97F009A1909 /* Base */,
			);
			name = LaunchScreen.storyboard;
			sourceTree = "<group>";
		};
/* End PBXVariantGroup section */

/* Begin XCBuildConfiguration section */
		17B373D223FCB97F009A1909 /* Debug */ = {
			isa = XCBuildConfiguration;
			buildSettings = {
				ALWAYS_SEARCH_USER_PATHS = NO;
				CLANG_ANALYZER_NONNULL = YES;
				CLANG_ANALYZER_NUMBER_OBJECT_CONVERSION = YES_AGGRESSIVE;
				CLANG_CXX_LANGUAGE_STANDARD = "gnu++14";
				CLANG_CXX_LIBRARY = "libc++";
				CLANG_ENABLE_MODULES = YES;
				CLANG_ENABLE_OBJC_ARC = YES;
				CLANG_ENABLE_OBJC_WEAK = YES;
				CLANG_WARN_BLOCK_CAPTURE_AUTORELEASING = YES;
				CLANG_WARN_BOOL_CONVERSION = YES;
				CLANG_WARN_COMMA = YES;
				CLANG_WARN_CONSTANT_CONVERSION = YES;
				CLANG_WARN_DEPRECATED_OBJC_IMPLEMENTATIONS = YES;
				CLANG_WARN_DIRECT_OBJC_ISA_USAGE = YES_ERROR;
				CLANG_WARN_DOCUMENTATION_COMMENTS = YES;
				CLANG_WARN_EMPTY_BODY = YES;
				CLANG_WARN_ENUM_CONVERSION = YES;
				CLANG_WARN_INFINITE_RECURSION = YES;
				CLANG_WARN_INT_CONVERSION = YES;
				CLANG_WARN_NON_LITERAL_NULL_CONVERSION = YES;
				CLANG_WARN_OBJC_IMPLICIT_RETAIN_SELF = YES;
				CLANG_WARN_OBJC_LITERAL_CONVERSION = YES;
				CLANG_WARN_OBJC_ROOT_CLASS = YES_ERROR;
				CLANG_WARN_RANGE_LOOP_ANALYSIS = YES;
				CLANG_WARN_STRICT_PROTOTYPES = YES;
				CLANG_WARN_SUSPICIOUS_MOVE = YES;
				CLANG_WARN_UNGUARDED_AVAILABILITY = YES_AGGRESSIVE;
				CLANG_WARN_UNREACHABLE_CODE = YES;
				CLANG_WARN__DUPLICATE_METHOD_MATCH = YES;
				COPY_PHASE_STRIP = NO;
				DEBUG_INFORMATION_FORMAT = dwarf;
				ENABLE_STRICT_OBJC_MSGSEND = YES;
				ENABLE_TESTABILITY = YES;
				GCC_C_LANGUAGE_STANDARD = gnu11;
				GCC_DYNAMIC_NO_PIC = NO;
				GCC_NO_COMMON_BLOCKS = YES;
				GCC_OPTIMIZATION_LEVEL = 0;
				GCC_PREPROCESSOR_DEFINITIONS = (
					"DEBUG=1",
					"$(inherited)",
				);
				GCC_WARN_64_TO_32_BIT_CONVERSION = YES;
				GCC_WARN_ABOUT_RETURN_TYPE = YES_ERROR;
				GCC_WARN_UNDECLARED_SELECTOR = YES;
				GCC_WARN_UNINITIALIZED_AUTOS = YES_AGGRESSIVE;
				GCC_WARN_UNUSED_FUNCTION = YES;
				GCC_WARN_UNUSED_VARIABLE = YES;
				IPHONEOS_DEPLOYMENT_TARGET = 13.1;
				MTL_ENABLE_DEBUG_INFO = INCLUDE_SOURCE;
				MTL_FAST_MATH = YES;
				ONLY_ACTIVE_ARCH = YES;
				SDKROOT = iphoneos;
				SWIFT_ACTIVE_COMPILATION_CONDITIONS = DEBUG;
				SWIFT_OPTIMIZATION_LEVEL = "-Onone";
			};
			name = Debug;
		};
		17B373D323FCB97F009A1909 /* Release */ = {
			isa = XCBuildConfiguration;
			buildSettings = {
				ALWAYS_SEARCH_USER_PATHS = NO;
				CLANG_ANALYZER_NONNULL = YES;
				CLANG_ANALYZER_NUMBER_OBJECT_CONVERSION = YES_AGGRESSIVE;
				CLANG_CXX_LANGUAGE_STANDARD = "gnu++14";
				CLANG_CXX_LIBRARY = "libc++";
				CLANG_ENABLE_MODULES = YES;
				CLANG_ENABLE_OBJC_ARC = YES;
				CLANG_ENABLE_OBJC_WEAK = YES;
				CLANG_WARN_BLOCK_CAPTURE_AUTORELEASING = YES;
				CLANG_WARN_BOOL_CONVERSION = YES;
				CLANG_WARN_COMMA = YES;
				CLANG_WARN_CONSTANT_CONVERSION = YES;
				CLANG_WARN_DEPRECATED_OBJC_IMPLEMENTATIONS = YES;
				CLANG_WARN_DIRECT_OBJC_ISA_USAGE = YES_ERROR;
				CLANG_WARN_DOCUMENTATION_COMMENTS = YES;
				CLANG_WARN_EMPTY_BODY = YES;
				CLANG_WARN_ENUM_CONVERSION = YES;
				CLANG_WARN_INFINITE_RECURSION = YES;
				CLANG_WARN_INT_CONVERSION = YES;
				CLANG_WARN_NON_LITERAL_NULL_CONVERSION = YES;
				CLANG_WARN_OBJC_IMPLICIT_RETAIN_SELF = YES;
				CLANG_WARN_OBJC_LITERAL_CONVERSION = YES;
				CLANG_WARN_OBJC_ROOT_CLASS = YES_ERROR;
				CLANG_WARN_RANGE_LOOP_ANALYSIS = YES;
				CLANG_WARN_STRICT_PROTOTYPES = YES;
				CLANG_WARN_SUSPICIOUS_MOVE = YES;
				CLANG_WARN_UNGUARDED_AVAILABILITY = YES_AGGRESSIVE;
				CLANG_WARN_UNREACHABLE_CODE = YES;
				CLANG_WARN__DUPLICATE_METHOD_MATCH = YES;
				COPY_PHASE_STRIP = NO;
				DEBUG_INFORMATION_FORMAT = "dwarf-with-dsym";
				ENABLE_NS_ASSERTIONS = NO;
				ENABLE_STRICT_OBJC_MSGSEND = YES;
				GCC_C_LANGUAGE_STANDARD = gnu11;
				GCC_NO_COMMON_BLOCKS = YES;
				GCC_WARN_64_TO_32_BIT_CONVERSION = YES;
				GCC_WARN_ABOUT_RETURN_TYPE = YES_ERROR;
				GCC_WARN_UNDECLARED_SELECTOR = YES;
				GCC_WARN_UNINITIALIZED_AUTOS = YES_AGGRESSIVE;
				GCC_WARN_UNUSED_FUNCTION = YES;
				GCC_WARN_UNUSED_VARIABLE = YES;
				IPHONEOS_DEPLOYMENT_TARGET = 13.1;
				MTL_ENABLE_DEBUG_INFO = NO;
				MTL_FAST_MATH = YES;
				SDKROOT = iphoneos;
				SWIFT_COMPILATION_MODE = wholemodule;
				SWIFT_OPTIMIZATION_LEVEL = "-O";
				VALIDATE_PRODUCT = YES;
			};
			name = Release;
		};
		17B373D523FCB97F009A1909 /* Debug */ = {
			isa = XCBuildConfiguration;
			baseConfigurationReference = 95990BC29EB77DE65A652C09 /* Pods-JMarvel.debug.xcconfig */;
			buildSettings = {
				ASSETCATALOG_COMPILER_APPICON_NAME = AppIcon;
				CODE_SIGN_STYLE = Automatic;
				DEVELOPMENT_TEAM = 68F4V28A64;
				INFOPLIST_FILE = JMarvel/Info.plist;
				IPHONEOS_DEPLOYMENT_TARGET = 11.0;
				LD_RUNPATH_SEARCH_PATHS = (
					"$(inherited)",
					"@executable_path/Frameworks",
				);
				PRODUCT_BUNDLE_IDENTIFIER = JM.JMarvel;
				PRODUCT_NAME = "$(TARGET_NAME)";
				SWIFT_VERSION = 5.0;
				TARGETED_DEVICE_FAMILY = "1,2";
			};
			name = Debug;
		};
		17B373D623FCB97F009A1909 /* Release */ = {
			isa = XCBuildConfiguration;
			baseConfigurationReference = BAA7F74F6293073A20081214 /* Pods-JMarvel.release.xcconfig */;
			buildSettings = {
				ASSETCATALOG_COMPILER_APPICON_NAME = AppIcon;
				CODE_SIGN_STYLE = Automatic;
				DEVELOPMENT_TEAM = 68F4V28A64;
				INFOPLIST_FILE = JMarvel/Info.plist;
				IPHONEOS_DEPLOYMENT_TARGET = 11.0;
				LD_RUNPATH_SEARCH_PATHS = (
					"$(inherited)",
					"@executable_path/Frameworks",
				);
				PRODUCT_BUNDLE_IDENTIFIER = JM.JMarvel;
				PRODUCT_NAME = "$(TARGET_NAME)";
				SWIFT_VERSION = 5.0;
				TARGETED_DEVICE_FAMILY = "1,2";
			};
			name = Release;
		};
		17B373D823FCB97F009A1909 /* Debug */ = {
			isa = XCBuildConfiguration;
			baseConfigurationReference = 8C0076B045320665FD5320C6 /* Pods-JMarvelTests.debug.xcconfig */;
			buildSettings = {
				ALWAYS_EMBED_SWIFT_STANDARD_LIBRARIES = YES;
				BUNDLE_LOADER = "$(TEST_HOST)";
				CODE_SIGN_STYLE = Automatic;
				DEVELOPMENT_TEAM = 68F4V28A64;
				INFOPLIST_FILE = JMarvelTests/Info.plist;
				IPHONEOS_DEPLOYMENT_TARGET = 13.1;
				LD_RUNPATH_SEARCH_PATHS = (
					"$(inherited)",
					"@executable_path/Frameworks",
					"@loader_path/Frameworks",
				);
				PRODUCT_BUNDLE_IDENTIFIER = JM.JMarvelTests;
				PRODUCT_NAME = "$(TARGET_NAME)";
				SWIFT_VERSION = 5.0;
				TARGETED_DEVICE_FAMILY = "1,2";
				TEST_HOST = "$(BUILT_PRODUCTS_DIR)/JMarvel.app/JMarvel";
			};
			name = Debug;
		};
		17B373D923FCB97F009A1909 /* Release */ = {
			isa = XCBuildConfiguration;
			baseConfigurationReference = C22D5CBFA15FD7537A14AF69 /* Pods-JMarvelTests.release.xcconfig */;
			buildSettings = {
				ALWAYS_EMBED_SWIFT_STANDARD_LIBRARIES = YES;
				BUNDLE_LOADER = "$(TEST_HOST)";
				CODE_SIGN_STYLE = Automatic;
				DEVELOPMENT_TEAM = 68F4V28A64;
				INFOPLIST_FILE = JMarvelTests/Info.plist;
				IPHONEOS_DEPLOYMENT_TARGET = 13.1;
				LD_RUNPATH_SEARCH_PATHS = (
					"$(inherited)",
					"@executable_path/Frameworks",
					"@loader_path/Frameworks",
				);
				PRODUCT_BUNDLE_IDENTIFIER = JM.JMarvelTests;
				PRODUCT_NAME = "$(TARGET_NAME)";
				SWIFT_VERSION = 5.0;
				TARGETED_DEVICE_FAMILY = "1,2";
				TEST_HOST = "$(BUILT_PRODUCTS_DIR)/JMarvel.app/JMarvel";
			};
			name = Release;
		};
/* End XCBuildConfiguration section */

/* Begin XCConfigurationList section */
		17B373AD23FCB979009A1909 /* Build configuration list for PBXProject "JMarvel" */ = {
			isa = XCConfigurationList;
			buildConfigurations = (
				17B373D223FCB97F009A1909 /* Debug */,
				17B373D323FCB97F009A1909 /* Release */,
			);
			defaultConfigurationIsVisible = 0;
			defaultConfigurationName = Release;
		};
		17B373D423FCB97F009A1909 /* Build configuration list for PBXNativeTarget "JMarvel" */ = {
			isa = XCConfigurationList;
			buildConfigurations = (
				17B373D523FCB97F009A1909 /* Debug */,
				17B373D623FCB97F009A1909 /* Release */,
			);
			defaultConfigurationIsVisible = 0;
			defaultConfigurationName = Release;
		};
		17B373D723FCB97F009A1909 /* Build configuration list for PBXNativeTarget "JMarvelTests" */ = {
			isa = XCConfigurationList;
			buildConfigurations = (
				17B373D823FCB97F009A1909 /* Debug */,
				17B373D923FCB97F009A1909 /* Release */,
			);
			defaultConfigurationIsVisible = 0;
			defaultConfigurationName = Release;
		};
/* End XCConfigurationList section */

/* Begin XCVersionGroup section */
		17B373BE23FCB97A009A1909 /* JMarvel.xcdatamodeld */ = {
			isa = XCVersionGroup;
			children = (
				17B373BF23FCB97A009A1909 /* JMarvel.xcdatamodel */,
			);
			currentVersion = 17B373BF23FCB97A009A1909 /* JMarvel.xcdatamodel */;
			path = JMarvel.xcdatamodeld;
			sourceTree = "<group>";
			versionGroupType = wrapper.xcdatamodel;
		};
/* End XCVersionGroup section */
	};
	rootObject = 17B373AA23FCB979009A1909 /* Project object */;
}
